// !$*UTF8*$!
{
	archiveVersion = 1;
	classes = {
	};
	objectVersion = 46;
	objects = {

/* Begin PBXBuildFile section */
		1C3A8CA7163D4FE100C893CA /* WordSampleSentence+Create.m in Sources */ = {isa = PBXBuildFile; fileRef = 1C3A8C95163D4FE100C893CA /* WordSampleSentence+Create.m */; };
		1C3A8CA8163D4FE100C893CA /* WordSampleSentence+Create.m in Sources */ = {isa = PBXBuildFile; fileRef = 1C3A8C95163D4FE100C893CA /* WordSampleSentence+Create.m */; };
		1C3A8CA9163D4FE100C893CA /* WordExplain+Create.m in Sources */ = {isa = PBXBuildFile; fileRef = 1C3A8C97163D4FE100C893CA /* WordExplain+Create.m */; };
		1C3A8CAA163D4FE100C893CA /* WordExplain+Create.m in Sources */ = {isa = PBXBuildFile; fileRef = 1C3A8C97163D4FE100C893CA /* WordExplain+Create.m */; };
		1C3A8CAB163D4FE100C893CA /* WordEntity+Creat.m in Sources */ = {isa = PBXBuildFile; fileRef = 1C3A8C99163D4FE100C893CA /* WordEntity+Creat.m */; };
		1C3A8CAC163D4FE100C893CA /* WordEntity+Creat.m in Sources */ = {isa = PBXBuildFile; fileRef = 1C3A8C99163D4FE100C893CA /* WordEntity+Creat.m */; };
		1C3A8CAD163D4FE100C893CA /* WordSampleSentence.m in Sources */ = {isa = PBXBuildFile; fileRef = 1C3A8C9C163D4FE100C893CA /* WordSampleSentence.m */; };
		1C3A8CAE163D4FE100C893CA /* WordSampleSentence.m in Sources */ = {isa = PBXBuildFile; fileRef = 1C3A8C9C163D4FE100C893CA /* WordSampleSentence.m */; };
		1C3A8CAF163D4FE100C893CA /* WordExplain.m in Sources */ = {isa = PBXBuildFile; fileRef = 1C3A8C9E163D4FE100C893CA /* WordExplain.m */; };
		1C3A8CB0163D4FE100C893CA /* WordExplain.m in Sources */ = {isa = PBXBuildFile; fileRef = 1C3A8C9E163D4FE100C893CA /* WordExplain.m */; };
		1C3A8CB1163D4FE100C893CA /* WordEntity.m in Sources */ = {isa = PBXBuildFile; fileRef = 1C3A8CA0163D4FE100C893CA /* WordEntity.m */; };
		1C3A8CB2163D4FE100C893CA /* WordEntity.m in Sources */ = {isa = PBXBuildFile; fileRef = 1C3A8CA0163D4FE100C893CA /* WordEntity.m */; };
		1C3A8CB3163D4FE100C893CA /* LookUpHistory.m in Sources */ = {isa = PBXBuildFile; fileRef = 1C3A8CA2163D4FE100C893CA /* LookUpHistory.m */; };
		1C3A8CB4163D4FE100C893CA /* LookUpHistory.m in Sources */ = {isa = PBXBuildFile; fileRef = 1C3A8CA2163D4FE100C893CA /* LookUpHistory.m */; };
		1C3A8CB5163D4FE100C893CA /* NewWord.m in Sources */ = {isa = PBXBuildFile; fileRef = 1C3A8CA4163D4FE100C893CA /* NewWord.m */; };
		1C3A8CB6163D4FE100C893CA /* NewWord.m in Sources */ = {isa = PBXBuildFile; fileRef = 1C3A8CA4163D4FE100C893CA /* NewWord.m */; };
		1C3A8CB8163D506B00C893CA /* CoreData.framework in Frameworks */ = {isa = PBXBuildFile; fileRef = 1C3A8CB7163D506B00C893CA /* CoreData.framework */; };
		1C3A8CC3163D510E00C893CA /* DDFileLogger.m in Sources */ = {isa = PBXBuildFile; fileRef = 1C3A8CBC163D510E00C893CA /* DDFileLogger.m */; };
		1C3A8CC4163D510E00C893CA /* DDFileLogger.m in Sources */ = {isa = PBXBuildFile; fileRef = 1C3A8CBC163D510E00C893CA /* DDFileLogger.m */; };
		1C3A8CC5163D510E00C893CA /* DDASLLogger.m in Sources */ = {isa = PBXBuildFile; fileRef = 1C3A8CBE163D510E00C893CA /* DDASLLogger.m */; };
		1C3A8CC6163D510E00C893CA /* DDASLLogger.m in Sources */ = {isa = PBXBuildFile; fileRef = 1C3A8CBE163D510E00C893CA /* DDASLLogger.m */; };
		1C3A8CC7163D510E00C893CA /* DDLog.m in Sources */ = {isa = PBXBuildFile; fileRef = 1C3A8CC0163D510E00C893CA /* DDLog.m */; };
		1C3A8CC8163D510E00C893CA /* DDLog.m in Sources */ = {isa = PBXBuildFile; fileRef = 1C3A8CC0163D510E00C893CA /* DDLog.m */; };
		1C3A8CC9163D510E00C893CA /* DDTTYLogger.m in Sources */ = {isa = PBXBuildFile; fileRef = 1C3A8CC2163D510E00C893CA /* DDTTYLogger.m */; };
		1C3A8CCA163D510E00C893CA /* DDTTYLogger.m in Sources */ = {isa = PBXBuildFile; fileRef = 1C3A8CC2163D510E00C893CA /* DDTTYLogger.m */; };
		1C3A8D8B163D953A00C893CA /* YAD.sqlite in Resources */ = {isa = PBXBuildFile; fileRef = 1C3A8D8A163D953A00C893CA /* YAD.sqlite */; };
		1C3A8D8C163D953A00C893CA /* YAD.sqlite in Resources */ = {isa = PBXBuildFile; fileRef = 1C3A8D8A163D953A00C893CA /* YAD.sqlite */; };
		1C3A8D93163DA42600C893CA /* YADMD.xcdatamodeld in Sources */ = {isa = PBXBuildFile; fileRef = 1C3A8D91163DA42600C893CA /* YADMD.xcdatamodeld */; };
		1C3A8D94163DA42600C893CA /* YADMD.xcdatamodeld in Sources */ = {isa = PBXBuildFile; fileRef = 1C3A8D91163DA42600C893CA /* YADMD.xcdatamodeld */; };
		1CEF6FB4163C19DE00D31F32 /* UIKit.framework in Frameworks */ = {isa = PBXBuildFile; fileRef = 1CEF6FB3163C19DE00D31F32 /* UIKit.framework */; };
		1CEF6FB6163C19DE00D31F32 /* Foundation.framework in Frameworks */ = {isa = PBXBuildFile; fileRef = 1CEF6FB5163C19DE00D31F32 /* Foundation.framework */; };
		1CEF6FB8163C19DE00D31F32 /* CoreGraphics.framework in Frameworks */ = {isa = PBXBuildFile; fileRef = 1CEF6FB7163C19DE00D31F32 /* CoreGraphics.framework */; };
		1CEF6FBE163C19DE00D31F32 /* InfoPlist.strings in Resources */ = {isa = PBXBuildFile; fileRef = 1CEF6FBC163C19DE00D31F32 /* InfoPlist.strings */; };
		1CEF6FC0163C19DE00D31F32 /* main.m in Sources */ = {isa = PBXBuildFile; fileRef = 1CEF6FBF163C19DE00D31F32 /* main.m */; };
		1CEF6FC4163C19DE00D31F32 /* YADAppDelegate.m in Sources */ = {isa = PBXBuildFile; fileRef = 1CEF6FC3163C19DE00D31F32 /* YADAppDelegate.m */; };
		1CEF6FC6163C19DE00D31F32 /* Default.png in Resources */ = {isa = PBXBuildFile; fileRef = 1CEF6FC5163C19DE00D31F32 /* Default.png */; };
		1CEF6FC8163C19DE00D31F32 /* Default@2x.png in Resources */ = {isa = PBXBuildFile; fileRef = 1CEF6FC7163C19DE00D31F32 /* Default@2x.png */; };
		1CEF6FCA163C19DE00D31F32 /* Default-568h@2x.png in Resources */ = {isa = PBXBuildFile; fileRef = 1CEF6FC9163C19DE00D31F32 /* Default-568h@2x.png */; };
		1CEF6FCD163C19DE00D31F32 /* MainStoryboard.storyboard in Resources */ = {isa = PBXBuildFile; fileRef = 1CEF6FCB163C19DE00D31F32 /* MainStoryboard.storyboard */; };
		1CEF6FD0163C19DE00D31F32 /* YADViewController.m in Sources */ = {isa = PBXBuildFile; fileRef = 1CEF6FCF163C19DE00D31F32 /* YADViewController.m */; };
		1CEF6FD8163C19DE00D31F32 /* SenTestingKit.framework in Frameworks */ = {isa = PBXBuildFile; fileRef = 1CEF6FD7163C19DE00D31F32 /* SenTestingKit.framework */; };
		1CEF6FD9163C19DE00D31F32 /* UIKit.framework in Frameworks */ = {isa = PBXBuildFile; fileRef = 1CEF6FB3163C19DE00D31F32 /* UIKit.framework */; };
		1CEF6FDA163C19DE00D31F32 /* Foundation.framework in Frameworks */ = {isa = PBXBuildFile; fileRef = 1CEF6FB5163C19DE00D31F32 /* Foundation.framework */; };
		1CEF6FE2163C19DE00D31F32 /* InfoPlist.strings in Resources */ = {isa = PBXBuildFile; fileRef = 1CEF6FE0163C19DE00D31F32 /* InfoPlist.strings */; };
		1CEF6FE5163C19DE00D31F32 /* YADOITests.m in Sources */ = {isa = PBXBuildFile; fileRef = 1CEF6FE4163C19DE00D31F32 /* YADOITests.m */; };
/* End PBXBuildFile section */

/* Begin PBXContainerItemProxy section */
		1CEF6FDB163C19DE00D31F32 /* PBXContainerItemProxy */ = {
			isa = PBXContainerItemProxy;
			containerPortal = 1CEF6FA6163C19DD00D31F32 /* Project object */;
			proxyType = 1;
			remoteGlobalIDString = 1CEF6FAE163C19DE00D31F32;
			remoteInfo = YADOI;
		};
/* End PBXContainerItemProxy section */

/* Begin PBXFileReference section */
		1C3A8C94163D4FE100C893CA /* WordSampleSentence+Create.h */ = {isa = PBXFileReference; fileEncoding = 4; lastKnownFileType = sourcecode.c.h; path = "WordSampleSentence+Create.h"; sourceTree = "<group>"; };
		1C3A8C95163D4FE100C893CA /* WordSampleSentence+Create.m */ = {isa = PBXFileReference; fileEncoding = 4; lastKnownFileType = sourcecode.c.objc; path = "WordSampleSentence+Create.m"; sourceTree = "<group>"; };
		1C3A8C96163D4FE100C893CA /* WordExplain+Create.h */ = {isa = PBXFileReference; fileEncoding = 4; lastKnownFileType = sourcecode.c.h; path = "WordExplain+Create.h"; sourceTree = "<group>"; };
		1C3A8C97163D4FE100C893CA /* WordExplain+Create.m */ = {isa = PBXFileReference; fileEncoding = 4; lastKnownFileType = sourcecode.c.objc; path = "WordExplain+Create.m"; sourceTree = "<group>"; };
		1C3A8C98163D4FE100C893CA /* WordEntity+Creat.h */ = {isa = PBXFileReference; fileEncoding = 4; lastKnownFileType = sourcecode.c.h; path = "WordEntity+Creat.h"; sourceTree = "<group>"; };
		1C3A8C99163D4FE100C893CA /* WordEntity+Creat.m */ = {isa = PBXFileReference; fileEncoding = 4; lastKnownFileType = sourcecode.c.objc; path = "WordEntity+Creat.m"; sourceTree = "<group>"; };
		1C3A8C9A163D4FE100C893CA /* ClassNameAndDicConst.h */ = {isa = PBXFileReference; fileEncoding = 4; lastKnownFileType = sourcecode.c.h; path = ClassNameAndDicConst.h; sourceTree = "<group>"; };
		1C3A8C9B163D4FE100C893CA /* WordSampleSentence.h */ = {isa = PBXFileReference; fileEncoding = 4; lastKnownFileType = sourcecode.c.h; path = WordSampleSentence.h; sourceTree = "<group>"; };
		1C3A8C9C163D4FE100C893CA /* WordSampleSentence.m */ = {isa = PBXFileReference; fileEncoding = 4; lastKnownFileType = sourcecode.c.objc; path = WordSampleSentence.m; sourceTree = "<group>"; };
		1C3A8C9D163D4FE100C893CA /* WordExplain.h */ = {isa = PBXFileReference; fileEncoding = 4; lastKnownFileType = sourcecode.c.h; path = WordExplain.h; sourceTree = "<group>"; };
		1C3A8C9E163D4FE100C893CA /* WordExplain.m */ = {isa = PBXFileReference; fileEncoding = 4; lastKnownFileType = sourcecode.c.objc; path = WordExplain.m; sourceTree = "<group>"; };
		1C3A8C9F163D4FE100C893CA /* WordEntity.h */ = {isa = PBXFileReference; fileEncoding = 4; lastKnownFileType = sourcecode.c.h; path = WordEntity.h; sourceTree = "<group>"; };
		1C3A8CA0163D4FE100C893CA /* WordEntity.m */ = {isa = PBXFileReference; fileEncoding = 4; lastKnownFileType = sourcecode.c.objc; path = WordEntity.m; sourceTree = "<group>"; };
		1C3A8CA1163D4FE100C893CA /* LookUpHistory.h */ = {isa = PBXFileReference; fileEncoding = 4; lastKnownFileType = sourcecode.c.h; path = LookUpHistory.h; sourceTree = "<group>"; };
		1C3A8CA2163D4FE100C893CA /* LookUpHistory.m */ = {isa = PBXFileReference; fileEncoding = 4; lastKnownFileType = sourcecode.c.objc; path = LookUpHistory.m; sourceTree = "<group>"; };
		1C3A8CA3163D4FE100C893CA /* NewWord.h */ = {isa = PBXFileReference; fileEncoding = 4; lastKnownFileType = sourcecode.c.h; path = NewWord.h; sourceTree = "<group>"; };
		1C3A8CA4163D4FE100C893CA /* NewWord.m */ = {isa = PBXFileReference; fileEncoding = 4; lastKnownFileType = sourcecode.c.objc; path = NewWord.m; sourceTree = "<group>"; };
		1C3A8CB7163D506B00C893CA /* CoreData.framework */ = {isa = PBXFileReference; lastKnownFileType = wrapper.framework; name = CoreData.framework; path = System/Library/Frameworks/CoreData.framework; sourceTree = SDKROOT; };
		1C3A8CBB163D510E00C893CA /* DDFileLogger.h */ = {isa = PBXFileReference; fileEncoding = 4; lastKnownFileType = sourcecode.c.h; path = DDFileLogger.h; sourceTree = "<group>"; };
		1C3A8CBC163D510E00C893CA /* DDFileLogger.m */ = {isa = PBXFileReference; fileEncoding = 4; lastKnownFileType = sourcecode.c.objc; path = DDFileLogger.m; sourceTree = "<group>"; };
		1C3A8CBD163D510E00C893CA /* DDASLLogger.h */ = {isa = PBXFileReference; fileEncoding = 4; lastKnownFileType = sourcecode.c.h; path = DDASLLogger.h; sourceTree = "<group>"; };
		1C3A8CBE163D510E00C893CA /* DDASLLogger.m */ = {isa = PBXFileReference; fileEncoding = 4; lastKnownFileType = sourcecode.c.objc; path = DDASLLogger.m; sourceTree = "<group>"; };
		1C3A8CBF163D510E00C893CA /* DDLog.h */ = {isa = PBXFileReference; fileEncoding = 4; lastKnownFileType = sourcecode.c.h; path = DDLog.h; sourceTree = "<group>"; };
		1C3A8CC0163D510E00C893CA /* DDLog.m */ = {isa = PBXFileReference; fileEncoding = 4; lastKnownFileType = sourcecode.c.objc; path = DDLog.m; sourceTree = "<group>"; };
		1C3A8CC1163D510E00C893CA /* DDTTYLogger.h */ = {isa = PBXFileReference; fileEncoding = 4; lastKnownFileType = sourcecode.c.h; path = DDTTYLogger.h; sourceTree = "<group>"; };
		1C3A8CC2163D510E00C893CA /* DDTTYLogger.m */ = {isa = PBXFileReference; fileEncoding = 4; lastKnownFileType = sourcecode.c.objc; path = DDTTYLogger.m; sourceTree = "<group>"; };
		1C3A8D8A163D953A00C893CA /* YAD.sqlite */ = {isa = PBXFileReference; lastKnownFileType = file; path = YAD.sqlite; sourceTree = "<group>"; };
		1C3A8D92163DA42600C893CA /* YADMD.xcdatamodel */ = {isa = PBXFileReference; lastKnownFileType = wrapper.xcdatamodel; path = YADMD.xcdatamodel; sourceTree = "<group>"; };
		1CEF6FAF163C19DE00D31F32 /* YADOI.app */ = {isa = PBXFileReference; explicitFileType = wrapper.application; includeInIndex = 0; path = YADOI.app; sourceTree = BUILT_PRODUCTS_DIR; };
		1CEF6FB3163C19DE00D31F32 /* UIKit.framework */ = {isa = PBXFileReference; lastKnownFileType = wrapper.framework; name = UIKit.framework; path = System/Library/Frameworks/UIKit.framework; sourceTree = SDKROOT; };
		1CEF6FB5163C19DE00D31F32 /* Foundation.framework */ = {isa = PBXFileReference; lastKnownFileType = wrapper.framework; name = Foundation.framework; path = System/Library/Frameworks/Foundation.framework; sourceTree = SDKROOT; };
		1CEF6FB7163C19DE00D31F32 /* CoreGraphics.framework */ = {isa = PBXFileReference; lastKnownFileType = wrapper.framework; name = CoreGraphics.framework; path = System/Library/Frameworks/CoreGraphics.framework; sourceTree = SDKROOT; };
		1CEF6FBB163C19DE00D31F32 /* YADOI-Info.plist */ = {isa = PBXFileReference; lastKnownFileType = text.plist.xml; path = "YADOI-Info.plist"; sourceTree = "<group>"; };
		1CEF6FBD163C19DE00D31F32 /* en */ = {isa = PBXFileReference; lastKnownFileType = text.plist.strings; name = en; path = en.lproj/InfoPlist.strings; sourceTree = "<group>"; };
		1CEF6FBF163C19DE00D31F32 /* main.m */ = {isa = PBXFileReference; lastKnownFileType = sourcecode.c.objc; path = main.m; sourceTree = "<group>"; };
		1CEF6FC1163C19DE00D31F32 /* YADOI-Prefix.pch */ = {isa = PBXFileReference; lastKnownFileType = sourcecode.c.h; path = "YADOI-Prefix.pch"; sourceTree = "<group>"; };
		1CEF6FC2163C19DE00D31F32 /* YADAppDelegate.h */ = {isa = PBXFileReference; lastKnownFileType = sourcecode.c.h; path = YADAppDelegate.h; sourceTree = "<group>"; };
		1CEF6FC3163C19DE00D31F32 /* YADAppDelegate.m */ = {isa = PBXFileReference; lastKnownFileType = sourcecode.c.objc; path = YADAppDelegate.m; sourceTree = "<group>"; };
		1CEF6FC5163C19DE00D31F32 /* Default.png */ = {isa = PBXFileReference; lastKnownFileType = image.png; path = Default.png; sourceTree = "<group>"; };
		1CEF6FC7163C19DE00D31F32 /* Default@2x.png */ = {isa = PBXFileReference; lastKnownFileType = image.png; path = "Default@2x.png"; sourceTree = "<group>"; };
		1CEF6FC9163C19DE00D31F32 /* Default-568h@2x.png */ = {isa = PBXFileReference; lastKnownFileType = image.png; path = "Default-568h@2x.png"; sourceTree = "<group>"; };
		1CEF6FCC163C19DE00D31F32 /* en */ = {isa = PBXFileReference; lastKnownFileType = file.storyboard; name = en; path = en.lproj/MainStoryboard.storyboard; sourceTree = "<group>"; };
		1CEF6FCE163C19DE00D31F32 /* YADViewController.h */ = {isa = PBXFileReference; lastKnownFileType = sourcecode.c.h; path = YADViewController.h; sourceTree = "<group>"; };
		1CEF6FCF163C19DE00D31F32 /* YADViewController.m */ = {isa = PBXFileReference; lastKnownFileType = sourcecode.c.objc; path = YADViewController.m; sourceTree = "<group>"; };
		1CEF6FD6163C19DE00D31F32 /* YADOITests.octest */ = {isa = PBXFileReference; explicitFileType = wrapper.cfbundle; includeInIndex = 0; path = YADOITests.octest; sourceTree = BUILT_PRODUCTS_DIR; };
		1CEF6FD7163C19DE00D31F32 /* SenTestingKit.framework */ = {isa = PBXFileReference; lastKnownFileType = wrapper.framework; name = SenTestingKit.framework; path = Library/Frameworks/SenTestingKit.framework; sourceTree = DEVELOPER_DIR; };
		1CEF6FDF163C19DE00D31F32 /* YADOITests-Info.plist */ = {isa = PBXFileReference; lastKnownFileType = text.plist.xml; path = "YADOITests-Info.plist"; sourceTree = "<group>"; };
		1CEF6FE1163C19DE00D31F32 /* en */ = {isa = PBXFileReference; lastKnownFileType = text.plist.strings; name = en; path = en.lproj/InfoPlist.strings; sourceTree = "<group>"; };
		1CEF6FE3163C19DE00D31F32 /* YADOITests.h */ = {isa = PBXFileReference; lastKnownFileType = sourcecode.c.h; path = YADOITests.h; sourceTree = "<group>"; };
		1CEF6FE4163C19DE00D31F32 /* YADOITests.m */ = {isa = PBXFileReference; lastKnownFileType = sourcecode.c.objc; path = YADOITests.m; sourceTree = "<group>"; };
/* End PBXFileReference section */

/* Begin PBXFrameworksBuildPhase section */
		1CEF6FAC163C19DE00D31F32 /* Frameworks */ = {
			isa = PBXFrameworksBuildPhase;
			buildActionMask = 2147483647;
			files = (
				1C3A8CB8163D506B00C893CA /* CoreData.framework in Frameworks */,
				1CEF6FB4163C19DE00D31F32 /* UIKit.framework in Frameworks */,
				1CEF6FB6163C19DE00D31F32 /* Foundation.framework in Frameworks */,
				1CEF6FB8163C19DE00D31F32 /* CoreGraphics.framework in Frameworks */,
			);
			runOnlyForDeploymentPostprocessing = 0;
		};
		1CEF6FD2163C19DE00D31F32 /* Frameworks */ = {
			isa = PBXFrameworksBuildPhase;
			buildActionMask = 2147483647;
			files = (
				1CEF6FD8163C19DE00D31F32 /* SenTestingKit.framework in Frameworks */,
				1CEF6FD9163C19DE00D31F32 /* UIKit.framework in Frameworks */,
				1CEF6FDA163C19DE00D31F32 /* Foundation.framework in Frameworks */,
			);
			runOnlyForDeploymentPostprocessing = 0;
		};
/* End PBXFrameworksBuildPhase section */

/* Begin PBXGroup section */
		1C3A8C91163D4F9700C893CA /* CoreData */ = {
			isa = PBXGroup;
			children = (
				1C3A8D91163DA42600C893CA /* YADMD.xcdatamodeld */,
				1C3A8D8A163D953A00C893CA /* YAD.sqlite */,
				1C3A8C94163D4FE100C893CA /* WordSampleSentence+Create.h */,
				1C3A8C95163D4FE100C893CA /* WordSampleSentence+Create.m */,
				1C3A8C96163D4FE100C893CA /* WordExplain+Create.h */,
				1C3A8C97163D4FE100C893CA /* WordExplain+Create.m */,
				1C3A8C98163D4FE100C893CA /* WordEntity+Creat.h */,
				1C3A8C99163D4FE100C893CA /* WordEntity+Creat.m */,
				1C3A8C9A163D4FE100C893CA /* ClassNameAndDicConst.h */,
				1C3A8C9B163D4FE100C893CA /* WordSampleSentence.h */,
				1C3A8C9C163D4FE100C893CA /* WordSampleSentence.m */,
				1C3A8C9D163D4FE100C893CA /* WordExplain.h */,
				1C3A8C9E163D4FE100C893CA /* WordExplain.m */,
				1C3A8C9F163D4FE100C893CA /* WordEntity.h */,
				1C3A8CA0163D4FE100C893CA /* WordEntity.m */,
				1C3A8CA1163D4FE100C893CA /* LookUpHistory.h */,
				1C3A8CA2163D4FE100C893CA /* LookUpHistory.m */,
				1C3A8CA3163D4FE100C893CA /* NewWord.h */,
				1C3A8CA4163D4FE100C893CA /* NewWord.m */,
			);
			name = CoreData;
			sourceTree = "<group>";
		};
		1C3A8CB9163D50A600C893CA /* Libs */ = {
			isa = PBXGroup;
			children = (
				1C3A8CBA163D50F800C893CA /* Log */,
			);
			name = Libs;
			sourceTree = "<group>";
		};
		1C3A8CBA163D50F800C893CA /* Log */ = {
			isa = PBXGroup;
			children = (
				1C3A8CBB163D510E00C893CA /* DDFileLogger.h */,
				1C3A8CBC163D510E00C893CA /* DDFileLogger.m */,
				1C3A8CBD163D510E00C893CA /* DDASLLogger.h */,
				1C3A8CBE163D510E00C893CA /* DDASLLogger.m */,
				1C3A8CBF163D510E00C893CA /* DDLog.h */,
				1C3A8CC0163D510E00C893CA /* DDLog.m */,
				1C3A8CC1163D510E00C893CA /* DDTTYLogger.h */,
				1C3A8CC2163D510E00C893CA /* DDTTYLogger.m */,
			);
			name = Log;
			sourceTree = "<group>";
		};
		1CEF6FA4163C19DD00D31F32 = {
			isa = PBXGroup;
			children = (
				1CEF6FB9163C19DE00D31F32 /* YADOI */,
				1CEF6FDD163C19DE00D31F32 /* YADOITests */,
				1CEF6FB2163C19DE00D31F32 /* Frameworks */,
				1CEF6FB0163C19DE00D31F32 /* Products */,
			);
			sourceTree = "<group>";
		};
		1CEF6FB0163C19DE00D31F32 /* Products */ = {
			isa = PBXGroup;
			children = (
				1CEF6FAF163C19DE00D31F32 /* YADOI.app */,
				1CEF6FD6163C19DE00D31F32 /* YADOITests.octest */,
			);
			name = Products;
			sourceTree = "<group>";
		};
		1CEF6FB2163C19DE00D31F32 /* Frameworks */ = {
			isa = PBXGroup;
			children = (
				1C3A8CB7163D506B00C893CA /* CoreData.framework */,
				1CEF6FB3163C19DE00D31F32 /* UIKit.framework */,
				1CEF6FB5163C19DE00D31F32 /* Foundation.framework */,
				1CEF6FB7163C19DE00D31F32 /* CoreGraphics.framework */,
				1CEF6FD7163C19DE00D31F32 /* SenTestingKit.framework */,
			);
			name = Frameworks;
			sourceTree = "<group>";
		};
		1CEF6FB9163C19DE00D31F32 /* YADOI */ = {
			isa = PBXGroup;
			children = (
				1C3A8C91163D4F9700C893CA /* CoreData */,
				1CEF6FC2163C19DE00D31F32 /* YADAppDelegate.h */,
				1CEF6FC3163C19DE00D31F32 /* YADAppDelegate.m */,
				1CEF6FCB163C19DE00D31F32 /* MainStoryboard.storyboard */,
				1CEF6FCE163C19DE00D31F32 /* YADViewController.h */,
				1CEF6FCF163C19DE00D31F32 /* YADViewController.m */,
				1CEF6FBA163C19DE00D31F32 /* Supporting Files */,
				1C3A8CB9163D50A600C893CA /* Libs */,
			);
			path = YADOI;
			sourceTree = "<group>";
		};
		1CEF6FBA163C19DE00D31F32 /* Supporting Files */ = {
			isa = PBXGroup;
			children = (
				1CEF6FBB163C19DE00D31F32 /* YADOI-Info.plist */,
				1CEF6FBC163C19DE00D31F32 /* InfoPlist.strings */,
				1CEF6FBF163C19DE00D31F32 /* main.m */,
				1CEF6FC1163C19DE00D31F32 /* YADOI-Prefix.pch */,
				1CEF6FC5163C19DE00D31F32 /* Default.png */,
				1CEF6FC7163C19DE00D31F32 /* Default@2x.png */,
				1CEF6FC9163C19DE00D31F32 /* Default-568h@2x.png */,
			);
			name = "Supporting Files";
			sourceTree = "<group>";
		};
		1CEF6FDD163C19DE00D31F32 /* YADOITests */ = {
			isa = PBXGroup;
			children = (
				1CEF6FE3163C19DE00D31F32 /* YADOITests.h */,
				1CEF6FE4163C19DE00D31F32 /* YADOITests.m */,
				1CEF6FDE163C19DE00D31F32 /* Supporting Files */,
			);
			path = YADOITests;
			sourceTree = "<group>";
		};
		1CEF6FDE163C19DE00D31F32 /* Supporting Files */ = {
			isa = PBXGroup;
			children = (
				1CEF6FDF163C19DE00D31F32 /* YADOITests-Info.plist */,
				1CEF6FE0163C19DE00D31F32 /* InfoPlist.strings */,
			);
			name = "Supporting Files";
			sourceTree = "<group>";
		};
/* End PBXGroup section */

/* Begin PBXNativeTarget section */
		1CEF6FAE163C19DE00D31F32 /* YADOI */ = {
			isa = PBXNativeTarget;
			buildConfigurationList = 1CEF6FE8163C19DE00D31F32 /* Build configuration list for PBXNativeTarget "YADOI" */;
			buildPhases = (
				1CEF6FAB163C19DE00D31F32 /* Sources */,
				1CEF6FAC163C19DE00D31F32 /* Frameworks */,
				1CEF6FAD163C19DE00D31F32 /* Resources */,
			);
			buildRules = (
			);
			dependencies = (
			);
			name = YADOI;
			productName = YADOI;
			productReference = 1CEF6FAF163C19DE00D31F32 /* YADOI.app */;
			productType = "com.apple.product-type.application";
		};
		1CEF6FD5163C19DE00D31F32 /* YADOITests */ = {
			isa = PBXNativeTarget;
			buildConfigurationList = 1CEF6FEB163C19DE00D31F32 /* Build configuration list for PBXNativeTarget "YADOITests" */;
			buildPhases = (
				1CEF6FD1163C19DE00D31F32 /* Sources */,
				1CEF6FD2163C19DE00D31F32 /* Frameworks */,
				1CEF6FD3163C19DE00D31F32 /* Resources */,
				1CEF6FD4163C19DE00D31F32 /* ShellScript */,
			);
			buildRules = (
			);
			dependencies = (
				1CEF6FDC163C19DE00D31F32 /* PBXTargetDependency */,
			);
			name = YADOITests;
			productName = YADOITests;
			productReference = 1CEF6FD6163C19DE00D31F32 /* YADOITests.octest */;
			productType = "com.apple.product-type.bundle";
		};
/* End PBXNativeTarget section */

/* Begin PBXProject section */
		1CEF6FA6163C19DD00D31F32 /* Project object */ = {
			isa = PBXProject;
			attributes = {
				CLASSPREFIX = YAD;
				LastUpgradeCheck = 0450;
				ORGANIZATIONNAME = HaiLee;
			};
			buildConfigurationList = 1CEF6FA9163C19DD00D31F32 /* Build configuration list for PBXProject "YADOI" */;
			compatibilityVersion = "Xcode 3.2";
			developmentRegion = English;
			hasScannedForEncodings = 0;
			knownRegions = (
				en,
			);
			mainGroup = 1CEF6FA4163C19DD00D31F32;
			productRefGroup = 1CEF6FB0163C19DE00D31F32 /* Products */;
			projectDirPath = "";
			projectRoot = "";
			targets = (
				1CEF6FAE163C19DE00D31F32 /* YADOI */,
				1CEF6FD5163C19DE00D31F32 /* YADOITests */,
			);
		};
/* End PBXProject section */

/* Begin PBXResourcesBuildPhase section */
		1CEF6FAD163C19DE00D31F32 /* Resources */ = {
			isa = PBXResourcesBuildPhase;
			buildActionMask = 2147483647;
			files = (
				1CEF6FBE163C19DE00D31F32 /* InfoPlist.strings in Resources */,
				1CEF6FC6163C19DE00D31F32 /* Default.png in Resources */,
				1CEF6FC8163C19DE00D31F32 /* Default@2x.png in Resources */,
				1CEF6FCA163C19DE00D31F32 /* Default-568h@2x.png in Resources */,
				1CEF6FCD163C19DE00D31F32 /* MainStoryboard.storyboard in Resources */,
				1C3A8D8B163D953A00C893CA /* YAD.sqlite in Resources */,
			);
			runOnlyForDeploymentPostprocessing = 0;
		};
		1CEF6FD3163C19DE00D31F32 /* Resources */ = {
			isa = PBXResourcesBuildPhase;
			buildActionMask = 2147483647;
			files = (
				1CEF6FE2163C19DE00D31F32 /* InfoPlist.strings in Resources */,
				1C3A8D8C163D953A00C893CA /* YAD.sqlite in Resources */,
			);
			runOnlyForDeploymentPostprocessing = 0;
		};
/* End PBXResourcesBuildPhase section */

/* Begin PBXShellScriptBuildPhase section */
		1CEF6FD4163C19DE00D31F32 /* ShellScript */ = {
			isa = PBXShellScriptBuildPhase;
			buildActionMask = 2147483647;
			files = (
			);
			inputPaths = (
			);
			outputPaths = (
			);
			runOnlyForDeploymentPostprocessing = 0;
			shellPath = /bin/sh;
			shellScript = "# Run the unit tests in this test bundle.\n\"${SYSTEM_DEVELOPER_DIR}/Tools/RunUnitTests\"\n";
		};
/* End PBXShellScriptBuildPhase section */

/* Begin PBXSourcesBuildPhase section */
		1CEF6FAB163C19DE00D31F32 /* Sources */ = {
			isa = PBXSourcesBuildPhase;
			buildActionMask = 2147483647;
			files = (
				1CEF6FC0163C19DE00D31F32 /* main.m in Sources */,
				1CEF6FC4163C19DE00D31F32 /* YADAppDelegate.m in Sources */,
				1CEF6FD0163C19DE00D31F32 /* YADViewController.m in Sources */,
				1C3A8CA7163D4FE100C893CA /* WordSampleSentence+Create.m in Sources */,
				1C3A8CA9163D4FE100C893CA /* WordExplain+Create.m in Sources */,
				1C3A8CAB163D4FE100C893CA /* WordEntity+Creat.m in Sources */,
				1C3A8CAD163D4FE100C893CA /* WordSampleSentence.m in Sources */,
				1C3A8CAF163D4FE100C893CA /* WordExplain.m in Sources */,
				1C3A8CB1163D4FE100C893CA /* WordEntity.m in Sources */,
				1C3A8CB3163D4FE100C893CA /* LookUpHistory.m in Sources */,
				1C3A8CB5163D4FE100C893CA /* NewWord.m in Sources */,
				1C3A8CC3163D510E00C893CA /* DDFileLogger.m in Sources */,
				1C3A8CC5163D510E00C893CA /* DDASLLogger.m in Sources */,
				1C3A8CC7163D510E00C893CA /* DDLog.m in Sources */,
				1C3A8CC9163D510E00C893CA /* DDTTYLogger.m in Sources */,
				1C3A8D93163DA42600C893CA /* YADMD.xcdatamodeld in Sources */,
			);
			runOnlyForDeploymentPostprocessing = 0;
		};
		1CEF6FD1163C19DE00D31F32 /* Sources */ = {
			isa = PBXSourcesBuildPhase;
			buildActionMask = 2147483647;
			files = (
				1CEF6FE5163C19DE00D31F32 /* YADOITests.m in Sources */,
				1C3A8CA8163D4FE100C893CA /* WordSampleSentence+Create.m in Sources */,
				1C3A8CAA163D4FE100C893CA /* WordExplain+Create.m in Sources */,
				1C3A8CAC163D4FE100C893CA /* WordEntity+Creat.m in Sources */,
				1C3A8CAE163D4FE100C893CA /* WordSampleSentence.m in Sources */,
				1C3A8CB0163D4FE100C893CA /* WordExplain.m in Sources */,
				1C3A8CB2163D4FE100C893CA /* WordEntity.m in Sources */,
				1C3A8CB4163D4FE100C893CA /* LookUpHistory.m in Sources */,
				1C3A8CB6163D4FE100C893CA /* NewWord.m in Sources */,
				1C3A8CC4163D510E00C893CA /* DDFileLogger.m in Sources */,
				1C3A8CC6163D510E00C893CA /* DDASLLogger.m in Sources */,
				1C3A8CC8163D510E00C893CA /* DDLog.m in Sources */,
				1C3A8CCA163D510E00C893CA /* DDTTYLogger.m in Sources */,
				1C3A8D94163DA42600C893CA /* YADMD.xcdatamodeld in Sources */,
			);
			runOnlyForDeploymentPostprocessing = 0;
		};
/* End PBXSourcesBuildPhase section */

/* Begin PBXTargetDependency section */
		1CEF6FDC163C19DE00D31F32 /* PBXTargetDependency */ = {
			isa = PBXTargetDependency;
			target = 1CEF6FAE163C19DE00D31F32 /* YADOI */;
			targetProxy = 1CEF6FDB163C19DE00D31F32 /* PBXContainerItemProxy */;
		};
/* End PBXTargetDependency section */

/* Begin PBXVariantGroup section */
		1CEF6FBC163C19DE00D31F32 /* InfoPlist.strings */ = {
			isa = PBXVariantGroup;
			children = (
				1CEF6FBD163C19DE00D31F32 /* en */,
			);
			name = InfoPlist.strings;
			sourceTree = "<group>";
		};
		1CEF6FCB163C19DE00D31F32 /* MainStoryboard.storyboard */ = {
			isa = PBXVariantGroup;
			children = (
				1CEF6FCC163C19DE00D31F32 /* en */,
			);
			name = MainStoryboard.storyboard;
			sourceTree = "<group>";
		};
		1CEF6FE0163C19DE00D31F32 /* InfoPlist.strings */ = {
			isa = PBXVariantGroup;
			children = (
				1CEF6FE1163C19DE00D31F32 /* en */,
			);
			name = InfoPlist.strings;
			sourceTree = "<group>";
		};
/* End PBXVariantGroup section */

/* Begin XCBuildConfiguration section */
		1CEF6FE6163C19DE00D31F32 /* Debug */ = {
			isa = XCBuildConfiguration;
			buildSettings = {
				ALWAYS_SEARCH_USER_PATHS = NO;
				CLANG_CXX_LANGUAGE_STANDARD = "gnu++0x";
				CLANG_CXX_LIBRARY = "libc++";
				CLANG_ENABLE_OBJC_ARC = YES;
				CLANG_WARN_EMPTY_BODY = YES;
				CLANG_WARN__DUPLICATE_METHOD_MATCH = YES;
				"CODE_SIGN_IDENTITY[sdk=iphoneos*]" = "iPhone Developer";
				COPY_PHASE_STRIP = NO;
				GCC_C_LANGUAGE_STANDARD = gnu99;
				GCC_DYNAMIC_NO_PIC = NO;
				GCC_OPTIMIZATION_LEVEL = 0;
				GCC_PREPROCESSOR_DEFINITIONS = (
					"DEBUG=1",
					"$(inherited)",
				);
				GCC_SYMBOLS_PRIVATE_EXTERN = NO;
				GCC_WARN_ABOUT_RETURN_TYPE = YES;
				GCC_WARN_UNINITIALIZED_AUTOS = YES;
				GCC_WARN_UNUSED_VARIABLE = YES;
				IPHONEOS_DEPLOYMENT_TARGET = 6.0;
				MOMC_NO_INVERSE_RELATIONSHIP_WARNINGS = YES;
				ONLY_ACTIVE_ARCH = YES;
				SDKROOT = iphoneos;
			};
			name = Debug;
		};
		1CEF6FE7163C19DE00D31F32 /* Release */ = {
			isa = XCBuildConfiguration;
			buildSettings = {
				ALWAYS_SEARCH_USER_PATHS = NO;
				CLANG_CXX_LANGUAGE_STANDARD = "gnu++0x";
				CLANG_CXX_LIBRARY = "libc++";
				CLANG_ENABLE_OBJC_ARC = YES;
				CLANG_WARN_EMPTY_BODY = YES;
				CLANG_WARN__DUPLICATE_METHOD_MATCH = YES;
				"CODE_SIGN_IDENTITY[sdk=iphoneos*]" = "iPhone Developer";
				COPY_PHASE_STRIP = YES;
				GCC_C_LANGUAGE_STANDARD = gnu99;
				GCC_WARN_ABOUT_RETURN_TYPE = YES;
				GCC_WARN_UNINITIALIZED_AUTOS = YES;
				GCC_WARN_UNUSED_VARIABLE = YES;
				IPHONEOS_DEPLOYMENT_TARGET = 6.0;
				MOMC_NO_INVERSE_RELATIONSHIP_WARNINGS = YES;
				OTHER_CFLAGS = "-DNS_BLOCK_ASSERTIONS=1";
				SDKROOT = iphoneos;
				VALIDATE_PRODUCT = YES;
			};
			name = Release;
		};
		1CEF6FE9163C19DE00D31F32 /* Debug */ = {
			isa = XCBuildConfiguration;
			buildSettings = {
				GCC_PRECOMPILE_PREFIX_HEADER = YES;
				GCC_PREFIX_HEADER = "YADOI/YADOI-Prefix.pch";
				INFOPLIST_FILE = "YADOI/YADOI-Info.plist";
				MOMC_NO_INVERSE_RELATIONSHIP_WARNINGS = YES;
				PRODUCT_NAME = "$(TARGET_NAME)";
				WRAPPER_EXTENSION = app;
			};
			name = Debug;
		};
		1CEF6FEA163C19DE00D31F32 /* Release */ = {
			isa = XCBuildConfiguration;
			buildSettings = {
				GCC_PRECOMPILE_PREFIX_HEADER = YES;
				GCC_PREFIX_HEADER = "YADOI/YADOI-Prefix.pch";
				INFOPLIST_FILE = "YADOI/YADOI-Info.plist";
				MOMC_NO_INVERSE_RELATIONSHIP_WARNINGS = YES;
				PRODUCT_NAME = "$(TARGET_NAME)";
				WRAPPER_EXTENSION = app;
			};
			name = Release;
		};
		1CEF6FEC163C19DE00D31F32 /* Debug */ = {
			isa = XCBuildConfiguration;
			buildSettings = {
				BUNDLE_LOADER = "$(BUILT_PRODUCTS_DIR)/YADOI.app/YADOI";
				FRAMEWORK_SEARCH_PATHS = (
					"\"$(SDKROOT)/Developer/Library/Frameworks\"",
					"\"$(DEVELOPER_LIBRARY_DIR)/Frameworks\"",
				);
				GCC_PRECOMPILE_PREFIX_HEADER = YES;
				GCC_PREFIX_HEADER = "YADOI/YADOI-Prefix.pch";
				INFOPLIST_FILE = "YADOITests/YADOITests-Info.plist";
				PRODUCT_NAME = "$(TARGET_NAME)";
				TEST_HOST = "$(BUNDLE_LOADER)";
				WRAPPER_EXTENSION = octest;
			};
			name = Debug;
		};
		1CEF6FED163C19DE00D31F32 /* Release */ = {
			isa = XCBuildConfiguration;
			buildSettings = {
				BUNDLE_LOADER = "$(BUILT_PRODUCTS_DIR)/YADOI.app/YADOI";
				FRAMEWORK_SEARCH_PATHS = (
					"\"$(SDKROOT)/Developer/Library/Frameworks\"",
					"\"$(DEVELOPER_LIBRARY_DIR)/Frameworks\"",
				);
				GCC_PRECOMPILE_PREFIX_HEADER = YES;
				GCC_PREFIX_HEADER = "YADOI/YADOI-Prefix.pch";
				INFOPLIST_FILE = "YADOITests/YADOITests-Info.plist";
				PRODUCT_NAME = "$(TARGET_NAME)";
				TEST_HOST = "$(BUNDLE_LOADER)";
				WRAPPER_EXTENSION = octest;
			};
			name = Release;
		};
/* End XCBuildConfiguration section */

/* Begin XCConfigurationList section */
		1CEF6FA9163C19DD00D31F32 /* Build configuration list for PBXProject "YADOI" */ = {
			isa = XCConfigurationList;
			buildConfigurations = (
				1CEF6FE6163C19DE00D31F32 /* Debug */,
				1CEF6FE7163C19DE00D31F32 /* Release */,
			);
			defaultConfigurationIsVisible = 0;
			defaultConfigurationName = Release;
		};
		1CEF6FE8163C19DE00D31F32 /* Build configuration list for PBXNativeTarget "YADOI" */ = {
			isa = XCConfigurationList;
			buildConfigurations = (
				1CEF6FE9163C19DE00D31F32 /* Debug */,
				1CEF6FEA163C19DE00D31F32 /* Release */,
			);
			defaultConfigurationIsVisible = 0;
			defaultConfigurationName = Release;
		};
		1CEF6FEB163C19DE00D31F32 /* Build configuration list for PBXNativeTarget "YADOITests" */ = {
			isa = XCConfigurationList;
			buildConfigurations = (
				1CEF6FEC163C19DE00D31F32 /* Debug */,
				1CEF6FED163C19DE00D31F32 /* Release */,
			);
			defaultConfigurationIsVisible = 0;
			defaultConfigurationName = Release;
		};
/* End XCConfigurationList section */

/* Begin XCVersionGroup section */
		1C3A8D91163DA42600C893CA /* YADMD.xcdatamodeld */ = {
			isa = XCVersionGroup;
			children = (
				1C3A8D92163DA42600C893CA /* YADMD.xcdatamodel */,
			);
			currentVersion = 1C3A8D92163DA42600C893CA /* YADMD.xcdatamodel */;
			path = YADMD.xcdatamodeld;
			sourceTree = "<group>";
			versionGroupType = wrapper.xcdatamodel;
		};
/* End XCVersionGroup section */
	};
	rootObject = 1CEF6FA6163C19DD00D31F32 /* Project object */;
}
