// !$*UTF8*$!
{
	archiveVersion = 1;
	classes = {
	};
	objectVersion = 46;
	objects = {

/* Begin PBXBuildFile section */
		1C0403BE1641423C00F0B254 /* NewWordBookViewController.m in Sources */ = {isa = PBXBuildFile; fileRef = 1C0403BD1641423C00F0B254 /* NewWordBookViewController.m */; };
		1C0403C71642862E00F0B254 /* history.png in Resources */ = {isa = PBXBuildFile; fileRef = 1C0403C51642862E00F0B254 /* history.png */; };
		1C0403C81642862E00F0B254 /* history@2x.png in Resources */ = {isa = PBXBuildFile; fileRef = 1C0403C61642862E00F0B254 /* history@2x.png */; };
		1C0403CB1642879800F0B254 /* icon_search.png in Resources */ = {isa = PBXBuildFile; fileRef = 1C0403C91642879800F0B254 /* icon_search.png */; };
		1C0403CC1642879800F0B254 /* icon_search@2x.png in Resources */ = {isa = PBXBuildFile; fileRef = 1C0403CA1642879800F0B254 /* icon_search@2x.png */; };
		1C0403CF164287C600F0B254 /* icon_wordBook.png in Resources */ = {isa = PBXBuildFile; fileRef = 1C0403CD164287C600F0B254 /* icon_wordBook.png */; };
		1C0403D0164287C600F0B254 /* icon_wordBook@2x.png in Resources */ = {isa = PBXBuildFile; fileRef = 1C0403CE164287C600F0B254 /* icon_wordBook@2x.png */; };
		1C0403DF1642A72700F0B254 /* WordReviewViewController.m in Sources */ = {isa = PBXBuildFile; fileRef = 1C0403DE1642A72700F0B254 /* WordReviewViewController.m */; };
		1C0403E01642A72700F0B254 /* WordReviewViewController.m in Sources */ = {isa = PBXBuildFile; fileRef = 1C0403DE1642A72700F0B254 /* WordReviewViewController.m */; };
		1C0403E31642D53B00F0B254 /* NewWord+Utility.m in Sources */ = {isa = PBXBuildFile; fileRef = 1C0403E21642D53B00F0B254 /* NewWord+Utility.m */; };
		1C0403E41642D53B00F0B254 /* NewWord+Utility.m in Sources */ = {isa = PBXBuildFile; fileRef = 1C0403E21642D53B00F0B254 /* NewWord+Utility.m */; };
		1C0A25C41648E45100BC781A /* addToWordBook.png in Resources */ = {isa = PBXBuildFile; fileRef = 1C0A25C01648E45100BC781A /* addToWordBook.png */; };
		1C0A25C51648E45100BC781A /* addToWordBook.png in Resources */ = {isa = PBXBuildFile; fileRef = 1C0A25C01648E45100BC781A /* addToWordBook.png */; };
		1C0A25C61648E45100BC781A /* addToWordBook@2x.png in Resources */ = {isa = PBXBuildFile; fileRef = 1C0A25C11648E45100BC781A /* addToWordBook@2x.png */; };
		1C0A25C71648E45100BC781A /* addToWordBook@2x.png in Resources */ = {isa = PBXBuildFile; fileRef = 1C0A25C11648E45100BC781A /* addToWordBook@2x.png */; };
		1C0A25C81648E45100BC781A /* removeFromWordBook.png in Resources */ = {isa = PBXBuildFile; fileRef = 1C0A25C21648E45100BC781A /* removeFromWordBook.png */; };
		1C0A25C91648E45100BC781A /* removeFromWordBook.png in Resources */ = {isa = PBXBuildFile; fileRef = 1C0A25C21648E45100BC781A /* removeFromWordBook.png */; };
		1C0A25CA1648E45100BC781A /* removeFromWordBook@2x.png in Resources */ = {isa = PBXBuildFile; fileRef = 1C0A25C31648E45100BC781A /* removeFromWordBook@2x.png */; };
		1C0A25CB1648E45100BC781A /* removeFromWordBook@2x.png in Resources */ = {isa = PBXBuildFile; fileRef = 1C0A25C31648E45100BC781A /* removeFromWordBook@2x.png */; };
		1C0A25D2164907B100BC781A /* alreadyReviewAll.png in Resources */ = {isa = PBXBuildFile; fileRef = 1C0A25CC164907AF00BC781A /* alreadyReviewAll.png */; };
		1C0A25D3164907B100BC781A /* alreadyReviewAll.png in Resources */ = {isa = PBXBuildFile; fileRef = 1C0A25CC164907AF00BC781A /* alreadyReviewAll.png */; };
		1C0A25D4164907B100BC781A /* alreadyReviewAll@2x.png in Resources */ = {isa = PBXBuildFile; fileRef = 1C0A25CD164907AF00BC781A /* alreadyReviewAll@2x.png */; };
		1C0A25D5164907B100BC781A /* alreadyReviewAll@2x.png in Resources */ = {isa = PBXBuildFile; fileRef = 1C0A25CD164907AF00BC781A /* alreadyReviewAll@2x.png */; };
		1C0A25D6164907B100BC781A /* noNewWordWarning.png in Resources */ = {isa = PBXBuildFile; fileRef = 1C0A25CE164907AF00BC781A /* noNewWordWarning.png */; };
		1C0A25D7164907B100BC781A /* noNewWordWarning.png in Resources */ = {isa = PBXBuildFile; fileRef = 1C0A25CE164907AF00BC781A /* noNewWordWarning.png */; };
		1C0A25D8164907B100BC781A /* noNewWordWarning@2x.png in Resources */ = {isa = PBXBuildFile; fileRef = 1C0A25CF164907B000BC781A /* noNewWordWarning@2x.png */; };
		1C0A25D9164907B100BC781A /* noNewWordWarning@2x.png in Resources */ = {isa = PBXBuildFile; fileRef = 1C0A25CF164907B000BC781A /* noNewWordWarning@2x.png */; };
		1C0A25DA164907B100BC781A /* showExplain.png in Resources */ = {isa = PBXBuildFile; fileRef = 1C0A25D0164907B000BC781A /* showExplain.png */; };
		1C0A25DB164907B100BC781A /* showExplain.png in Resources */ = {isa = PBXBuildFile; fileRef = 1C0A25D0164907B000BC781A /* showExplain.png */; };
		1C0A25DC164907B100BC781A /* showExplain@2x.png in Resources */ = {isa = PBXBuildFile; fileRef = 1C0A25D1164907B100BC781A /* showExplain@2x.png */; };
		1C0A25DD164907B100BC781A /* showExplain@2x.png in Resources */ = {isa = PBXBuildFile; fileRef = 1C0A25D1164907B100BC781A /* showExplain@2x.png */; };
		1C3A8CA7163D4FE100C893CA /* WordSampleSentence+Utility.m in Sources */ = {isa = PBXBuildFile; fileRef = 1C3A8C95163D4FE100C893CA /* WordSampleSentence+Utility.m */; };
		1C3A8CA8163D4FE100C893CA /* WordSampleSentence+Utility.m in Sources */ = {isa = PBXBuildFile; fileRef = 1C3A8C95163D4FE100C893CA /* WordSampleSentence+Utility.m */; };
		1C3A8CA9163D4FE100C893CA /* WordExplain+Utility.m in Sources */ = {isa = PBXBuildFile; fileRef = 1C3A8C97163D4FE100C893CA /* WordExplain+Utility.m */; };
		1C3A8CAA163D4FE100C893CA /* WordExplain+Utility.m in Sources */ = {isa = PBXBuildFile; fileRef = 1C3A8C97163D4FE100C893CA /* WordExplain+Utility.m */; };
		1C3A8CAB163D4FE100C893CA /* WordEntity+Utility.m in Sources */ = {isa = PBXBuildFile; fileRef = 1C3A8C99163D4FE100C893CA /* WordEntity+Utility.m */; };
		1C3A8CAC163D4FE100C893CA /* WordEntity+Utility.m in Sources */ = {isa = PBXBuildFile; fileRef = 1C3A8C99163D4FE100C893CA /* WordEntity+Utility.m */; };
		1C3A8CB8163D506B00C893CA /* CoreData.framework in Frameworks */ = {isa = PBXBuildFile; fileRef = 1C3A8CB7163D506B00C893CA /* CoreData.framework */; };
		1C3A8D93163DA42600C893CA /* YADMD.xcdatamodeld in Sources */ = {isa = PBXBuildFile; fileRef = 1C3A8D91163DA42600C893CA /* YADMD.xcdatamodeld */; };
		1C3A8D94163DA42600C893CA /* YADMD.xcdatamodeld in Sources */ = {isa = PBXBuildFile; fileRef = 1C3A8D91163DA42600C893CA /* YADMD.xcdatamodeld */; };
		1C3A8DAB163E979100C893CA /* MainStoryboard.storyboard in Resources */ = {isa = PBXBuildFile; fileRef = 1C3A8DAA163E979100C893CA /* MainStoryboard.storyboard */; };
		1C3A8DAC163E979100C893CA /* MainStoryboard.storyboard in Resources */ = {isa = PBXBuildFile; fileRef = 1C3A8DAA163E979100C893CA /* MainStoryboard.storyboard */; };
		1C3A8DAF163E98F700C893CA /* CoreDataTableViewController.m in Sources */ = {isa = PBXBuildFile; fileRef = 1C3A8DAE163E98F700C893CA /* CoreDataTableViewController.m */; };
		1C3A8DB0163E98F700C893CA /* CoreDataTableViewController.m in Sources */ = {isa = PBXBuildFile; fileRef = 1C3A8DAE163E98F700C893CA /* CoreDataTableViewController.m */; };
		1C3A8DB3163E9ACA00C893CA /* WordListViewController.m in Sources */ = {isa = PBXBuildFile; fileRef = 1C3A8DB2163E9ACA00C893CA /* WordListViewController.m */; };
		1C3A8DB4163E9ACA00C893CA /* WordListViewController.m in Sources */ = {isa = PBXBuildFile; fileRef = 1C3A8DB2163E9ACA00C893CA /* WordListViewController.m */; };
		1C3A91AD163EBE2200C893CA /* DDASLLogger.m in Sources */ = {isa = PBXBuildFile; fileRef = 1C3A8FAA163EBE2000C893CA /* DDASLLogger.m */; };
		1C3A91AE163EBE2200C893CA /* DDASLLogger.m in Sources */ = {isa = PBXBuildFile; fileRef = 1C3A8FAA163EBE2000C893CA /* DDASLLogger.m */; };
		1C3A91AF163EBE2200C893CA /* DDLog.m in Sources */ = {isa = PBXBuildFile; fileRef = 1C3A8FAC163EBE2000C893CA /* DDLog.m */; };
		1C3A91B0163EBE2200C893CA /* DDLog.m in Sources */ = {isa = PBXBuildFile; fileRef = 1C3A8FAC163EBE2000C893CA /* DDLog.m */; };
		1C3A91B1163EBE2200C893CA /* DDTTYLogger.m in Sources */ = {isa = PBXBuildFile; fileRef = 1C3A8FAE163EBE2000C893CA /* DDTTYLogger.m */; };
		1C3A91B2163EBE2200C893CA /* DDTTYLogger.m in Sources */ = {isa = PBXBuildFile; fileRef = 1C3A8FAE163EBE2000C893CA /* DDTTYLogger.m */; };
		1C48F41D163FAB3400C167FD /* CoreDataInsetTableViewController.m in Sources */ = {isa = PBXBuildFile; fileRef = 1C48F41C163FAB3400C167FD /* CoreDataInsetTableViewController.m */; };
		1C4980EA163FBC4800D94BB8 /* WordDetailViewController.m in Sources */ = {isa = PBXBuildFile; fileRef = 1C4980E9163FBC4800D94BB8 /* WordDetailViewController.m */; };
		1C4DA885164672AC00EA07AF /* SettingsViewController.m in Sources */ = {isa = PBXBuildFile; fileRef = 1C4DA884164672AC00EA07AF /* SettingsViewController.m */; };
		1C4DA886164672AC00EA07AF /* SettingsViewController.m in Sources */ = {isa = PBXBuildFile; fileRef = 1C4DA884164672AC00EA07AF /* SettingsViewController.m */; };
		1C4DA88B164697AD00EA07AF /* DailyReviewWordNumberViewController.m in Sources */ = {isa = PBXBuildFile; fileRef = 1C4DA88A164697AC00EA07AF /* DailyReviewWordNumberViewController.m */; };
		1C4DA88C164697AD00EA07AF /* DailyReviewWordNumberViewController.m in Sources */ = {isa = PBXBuildFile; fileRef = 1C4DA88A164697AC00EA07AF /* DailyReviewWordNumberViewController.m */; };
		1C4DA8AF1646EB7E00EA07AF /* wordDeleted.png in Resources */ = {isa = PBXBuildFile; fileRef = 1C4DA8AB1646EB7D00EA07AF /* wordDeleted.png */; };
		1C4DA8B01646EB7E00EA07AF /* wordDeleted.png in Resources */ = {isa = PBXBuildFile; fileRef = 1C4DA8AB1646EB7D00EA07AF /* wordDeleted.png */; };
		1C4DA8B11646EB7E00EA07AF /* wordDeleted@2x.png in Resources */ = {isa = PBXBuildFile; fileRef = 1C4DA8AC1646EB7D00EA07AF /* wordDeleted@2x.png */; };
		1C4DA8B21646EB7E00EA07AF /* wordDeleted@2x.png in Resources */ = {isa = PBXBuildFile; fileRef = 1C4DA8AC1646EB7D00EA07AF /* wordDeleted@2x.png */; };
		1C4DA8B31646EB7E00EA07AF /* wordAdded.png in Resources */ = {isa = PBXBuildFile; fileRef = 1C4DA8AD1646EB7D00EA07AF /* wordAdded.png */; };
		1C4DA8B41646EB7E00EA07AF /* wordAdded.png in Resources */ = {isa = PBXBuildFile; fileRef = 1C4DA8AD1646EB7D00EA07AF /* wordAdded.png */; };
		1C4DA8B51646EB7E00EA07AF /* wordAdded@2x.png in Resources */ = {isa = PBXBuildFile; fileRef = 1C4DA8AE1646EB7E00EA07AF /* wordAdded@2x.png */; };
		1C4DA8B61646EB7E00EA07AF /* wordAdded@2x.png in Resources */ = {isa = PBXBuildFile; fileRef = 1C4DA8AE1646EB7E00EA07AF /* wordAdded@2x.png */; };
		1C4DA8BC1647965A00EA07AF /* tts.png in Resources */ = {isa = PBXBuildFile; fileRef = 1C4DA8BB1647965A00EA07AF /* tts.png */; };
		1C4DA8BD1647965A00EA07AF /* tts.png in Resources */ = {isa = PBXBuildFile; fileRef = 1C4DA8BB1647965A00EA07AF /* tts.png */; };
		1CECF8A8164450E900D9FD2F /* icon_settings@2x.png in Resources */ = {isa = PBXBuildFile; fileRef = 1CECF8A6164450E900D9FD2F /* icon_settings@2x.png */; };
		1CECF8A9164450E900D9FD2F /* icon_settings@2x.png in Resources */ = {isa = PBXBuildFile; fileRef = 1CECF8A6164450E900D9FD2F /* icon_settings@2x.png */; };
		1CECF8AA164450E900D9FD2F /* icon_settings.png in Resources */ = {isa = PBXBuildFile; fileRef = 1CECF8A7164450E900D9FD2F /* icon_settings.png */; };
		1CECF8AB164450E900D9FD2F /* icon_settings.png in Resources */ = {isa = PBXBuildFile; fileRef = 1CECF8A7164450E900D9FD2F /* icon_settings.png */; };
		1CECF95316457E8000D9FD2F /* ASIAuthenticationDialog.m in Sources */ = {isa = PBXBuildFile; fileRef = 1CECF93C16457E8000D9FD2F /* ASIAuthenticationDialog.m */; };
		1CECF95516457E8000D9FD2F /* ASIDataCompressor.m in Sources */ = {isa = PBXBuildFile; fileRef = 1CECF94016457E8000D9FD2F /* ASIDataCompressor.m */; };
		1CECF95716457E8000D9FD2F /* ASIDataDecompressor.m in Sources */ = {isa = PBXBuildFile; fileRef = 1CECF94216457E8000D9FD2F /* ASIDataDecompressor.m */; };
		1CECF95916457E8000D9FD2F /* ASIDownloadCache.m in Sources */ = {isa = PBXBuildFile; fileRef = 1CECF94416457E8000D9FD2F /* ASIDownloadCache.m */; };
		1CECF95B16457E8000D9FD2F /* ASIFormDataRequest.m in Sources */ = {isa = PBXBuildFile; fileRef = 1CECF94616457E8000D9FD2F /* ASIFormDataRequest.m */; };
		1CECF95D16457E8000D9FD2F /* ASIHTTPRequest.m in Sources */ = {isa = PBXBuildFile; fileRef = 1CECF94816457E8000D9FD2F /* ASIHTTPRequest.m */; };
		1CECF95F16457E8000D9FD2F /* ASIInputStream.m in Sources */ = {isa = PBXBuildFile; fileRef = 1CECF94C16457E8000D9FD2F /* ASIInputStream.m */; };
		1CECF96116457E8000D9FD2F /* ASINetworkQueue.m in Sources */ = {isa = PBXBuildFile; fileRef = 1CECF94E16457E8000D9FD2F /* ASINetworkQueue.m */; };
		1CECF96316457E8000D9FD2F /* Reachability.m in Sources */ = {isa = PBXBuildFile; fileRef = 1CECF95116457E8000D9FD2F /* Reachability.m */; };
		1CECF965164581CE00D9FD2F /* ASIAuthenticationDialog.m in Sources */ = {isa = PBXBuildFile; fileRef = 1CECF93C16457E8000D9FD2F /* ASIAuthenticationDialog.m */; settings = {COMPILER_FLAGS = "-fno-objc-arc"; }; };
		1CECF969164581CE00D9FD2F /* ASIDataCompressor.m in Sources */ = {isa = PBXBuildFile; fileRef = 1CECF94016457E8000D9FD2F /* ASIDataCompressor.m */; settings = {COMPILER_FLAGS = "-fno-objc-arc"; }; };
		1CECF96B164581CE00D9FD2F /* ASIDataDecompressor.m in Sources */ = {isa = PBXBuildFile; fileRef = 1CECF94216457E8000D9FD2F /* ASIDataDecompressor.m */; settings = {COMPILER_FLAGS = "-fno-objc-arc"; }; };
		1CECF96D164581CE00D9FD2F /* ASIDownloadCache.m in Sources */ = {isa = PBXBuildFile; fileRef = 1CECF94416457E8000D9FD2F /* ASIDownloadCache.m */; settings = {COMPILER_FLAGS = "-fno-objc-arc"; }; };
		1CECF96F164581CE00D9FD2F /* ASIFormDataRequest.m in Sources */ = {isa = PBXBuildFile; fileRef = 1CECF94616457E8000D9FD2F /* ASIFormDataRequest.m */; settings = {COMPILER_FLAGS = "-fno-objc-arc"; }; };
		1CECF971164581CE00D9FD2F /* ASIHTTPRequest.m in Sources */ = {isa = PBXBuildFile; fileRef = 1CECF94816457E8000D9FD2F /* ASIHTTPRequest.m */; settings = {COMPILER_FLAGS = "-fno-objc-arc"; }; };
		1CECF977164581CE00D9FD2F /* ASINetworkQueue.m in Sources */ = {isa = PBXBuildFile; fileRef = 1CECF94E16457E8000D9FD2F /* ASINetworkQueue.m */; settings = {COMPILER_FLAGS = "-fno-objc-arc"; }; };
		1CECF97A164581CE00D9FD2F /* Reachability.m in Sources */ = {isa = PBXBuildFile; fileRef = 1CECF95116457E8000D9FD2F /* Reachability.m */; settings = {COMPILER_FLAGS = "-fno-objc-arc"; }; };
		1CECF97B1645827300D9FD2F /* ASIInputStream.m in Sources */ = {isa = PBXBuildFile; fileRef = 1CECF94C16457E8000D9FD2F /* ASIInputStream.m */; settings = {COMPILER_FLAGS = "-fno-objc-arc"; }; };
		1CECF97D1645833900D9FD2F /* CFNetwork.framework in Frameworks */ = {isa = PBXBuildFile; fileRef = 1CECF97C1645833900D9FD2F /* CFNetwork.framework */; };
		1CECF97F1645835C00D9FD2F /* MobileCoreServices.framework in Frameworks */ = {isa = PBXBuildFile; fileRef = 1CECF97E1645835B00D9FD2F /* MobileCoreServices.framework */; };
		1CECF9811645837A00D9FD2F /* libz.dylib in Frameworks */ = {isa = PBXBuildFile; fileRef = 1CECF9801645837A00D9FD2F /* libz.dylib */; };
		1CECF983164583A100D9FD2F /* SystemConfiguration.framework in Frameworks */ = {isa = PBXBuildFile; fileRef = 1CECF982164583A100D9FD2F /* SystemConfiguration.framework */; };
		1CECF9851645858B00D9FD2F /* AVFoundation.framework in Frameworks */ = {isa = PBXBuildFile; fileRef = 1CECF9841645858A00D9FD2F /* AVFoundation.framework */; };
		1CECF9BF16464BAC00D9FD2F /* YAD.sqlite in Resources */ = {isa = PBXBuildFile; fileRef = 1CECF9BE16464BAC00D9FD2F /* YAD.sqlite */; };
		1CECF9C016464BAC00D9FD2F /* YAD.sqlite in Resources */ = {isa = PBXBuildFile; fileRef = 1CECF9BE16464BAC00D9FD2F /* YAD.sqlite */; };
		1CECF9C316464C5E00D9FD2F /* WordSampleSentence.m in Sources */ = {isa = PBXBuildFile; fileRef = 1CECF9C216464C5E00D9FD2F /* WordSampleSentence.m */; };
		1CECF9C416464C5E00D9FD2F /* WordSampleSentence.m in Sources */ = {isa = PBXBuildFile; fileRef = 1CECF9C216464C5E00D9FD2F /* WordSampleSentence.m */; };
		1CECF9C716464C6000D9FD2F /* WordEntity.m in Sources */ = {isa = PBXBuildFile; fileRef = 1CECF9C616464C6000D9FD2F /* WordEntity.m */; };
		1CECF9C816464C6000D9FD2F /* WordEntity.m in Sources */ = {isa = PBXBuildFile; fileRef = 1CECF9C616464C6000D9FD2F /* WordEntity.m */; };
		1CECF9CB16464C6300D9FD2F /* WordExplain.m in Sources */ = {isa = PBXBuildFile; fileRef = 1CECF9CA16464C6200D9FD2F /* WordExplain.m */; };
		1CECF9CC16464C6300D9FD2F /* WordExplain.m in Sources */ = {isa = PBXBuildFile; fileRef = 1CECF9CA16464C6200D9FD2F /* WordExplain.m */; };
		1CECF9CF16464C6300D9FD2F /* NewWord.m in Sources */ = {isa = PBXBuildFile; fileRef = 1CECF9CE16464C6300D9FD2F /* NewWord.m */; };
		1CECF9D016464C6300D9FD2F /* NewWord.m in Sources */ = {isa = PBXBuildFile; fileRef = 1CECF9CE16464C6300D9FD2F /* NewWord.m */; };
		1CECF9D316464C6400D9FD2F /* LookUpHistory.m in Sources */ = {isa = PBXBuildFile; fileRef = 1CECF9D216464C6400D9FD2F /* LookUpHistory.m */; };
		1CECF9D416464C6400D9FD2F /* LookUpHistory.m in Sources */ = {isa = PBXBuildFile; fileRef = 1CECF9D216464C6400D9FD2F /* LookUpHistory.m */; };
		1CEF6FB4163C19DE00D31F32 /* UIKit.framework in Frameworks */ = {isa = PBXBuildFile; fileRef = 1CEF6FB3163C19DE00D31F32 /* UIKit.framework */; };
		1CEF6FB6163C19DE00D31F32 /* Foundation.framework in Frameworks */ = {isa = PBXBuildFile; fileRef = 1CEF6FB5163C19DE00D31F32 /* Foundation.framework */; };
		1CEF6FB8163C19DE00D31F32 /* CoreGraphics.framework in Frameworks */ = {isa = PBXBuildFile; fileRef = 1CEF6FB7163C19DE00D31F32 /* CoreGraphics.framework */; };
		1CEF6FBE163C19DE00D31F32 /* InfoPlist.strings in Resources */ = {isa = PBXBuildFile; fileRef = 1CEF6FBC163C19DE00D31F32 /* InfoPlist.strings */; };
		1CEF6FC0163C19DE00D31F32 /* main.m in Sources */ = {isa = PBXBuildFile; fileRef = 1CEF6FBF163C19DE00D31F32 /* main.m */; };
		1CEF6FC4163C19DE00D31F32 /* YADAppDelegate.m in Sources */ = {isa = PBXBuildFile; fileRef = 1CEF6FC3163C19DE00D31F32 /* YADAppDelegate.m */; };
		1CEF6FC6163C19DE00D31F32 /* Default.png in Resources */ = {isa = PBXBuildFile; fileRef = 1CEF6FC5163C19DE00D31F32 /* Default.png */; };
		1CEF6FC8163C19DE00D31F32 /* Default@2x.png in Resources */ = {isa = PBXBuildFile; fileRef = 1CEF6FC7163C19DE00D31F32 /* Default@2x.png */; };
		1CEF6FCA163C19DE00D31F32 /* Default-568h@2x.png in Resources */ = {isa = PBXBuildFile; fileRef = 1CEF6FC9163C19DE00D31F32 /* Default-568h@2x.png */; };
		1CEF6FD8163C19DE00D31F32 /* SenTestingKit.framework in Frameworks */ = {isa = PBXBuildFile; fileRef = 1CEF6FD7163C19DE00D31F32 /* SenTestingKit.framework */; };
		1CEF6FD9163C19DE00D31F32 /* UIKit.framework in Frameworks */ = {isa = PBXBuildFile; fileRef = 1CEF6FB3163C19DE00D31F32 /* UIKit.framework */; };
		1CEF6FDA163C19DE00D31F32 /* Foundation.framework in Frameworks */ = {isa = PBXBuildFile; fileRef = 1CEF6FB5163C19DE00D31F32 /* Foundation.framework */; };
		1CEF6FE2163C19DE00D31F32 /* InfoPlist.strings in Resources */ = {isa = PBXBuildFile; fileRef = 1CEF6FE0163C19DE00D31F32 /* InfoPlist.strings */; };
		1CEF6FE5163C19DE00D31F32 /* YADOITests.m in Sources */ = {isa = PBXBuildFile; fileRef = 1CEF6FE4163C19DE00D31F32 /* YADOITests.m */; };
/* End PBXBuildFile section */

/* Begin PBXContainerItemProxy section */
		1CEF6FDB163C19DE00D31F32 /* PBXContainerItemProxy */ = {
			isa = PBXContainerItemProxy;
			containerPortal = 1CEF6FA6163C19DD00D31F32 /* Project object */;
			proxyType = 1;
			remoteGlobalIDString = 1CEF6FAE163C19DE00D31F32;
			remoteInfo = YADOI;
		};
/* End PBXContainerItemProxy section */

/* Begin PBXFileReference section */
		1C0403BC1641423C00F0B254 /* NewWordBookViewController.h */ = {isa = PBXFileReference; fileEncoding = 4; lastKnownFileType = sourcecode.c.h; path = NewWordBookViewController.h; sourceTree = "<group>"; };
		1C0403BD1641423C00F0B254 /* NewWordBookViewController.m */ = {isa = PBXFileReference; fileEncoding = 4; lastKnownFileType = sourcecode.c.objc; path = NewWordBookViewController.m; sourceTree = "<group>"; };
		1C0403C51642862E00F0B254 /* history.png */ = {isa = PBXFileReference; lastKnownFileType = image.png; path = history.png; sourceTree = "<group>"; };
		1C0403C61642862E00F0B254 /* history@2x.png */ = {isa = PBXFileReference; lastKnownFileType = image.png; path = "history@2x.png"; sourceTree = "<group>"; };
		1C0403C91642879800F0B254 /* icon_search.png */ = {isa = PBXFileReference; lastKnownFileType = image.png; path = icon_search.png; sourceTree = "<group>"; };
		1C0403CA1642879800F0B254 /* icon_search@2x.png */ = {isa = PBXFileReference; lastKnownFileType = image.png; path = "icon_search@2x.png"; sourceTree = "<group>"; };
		1C0403CD164287C600F0B254 /* icon_wordBook.png */ = {isa = PBXFileReference; lastKnownFileType = image.png; path = icon_wordBook.png; sourceTree = "<group>"; };
		1C0403CE164287C600F0B254 /* icon_wordBook@2x.png */ = {isa = PBXFileReference; lastKnownFileType = image.png; path = "icon_wordBook@2x.png"; sourceTree = "<group>"; };
		1C0403DD1642A72700F0B254 /* WordReviewViewController.h */ = {isa = PBXFileReference; fileEncoding = 4; lastKnownFileType = sourcecode.c.h; name = WordReviewViewController.h; path = ../WordReviewViewController.h; sourceTree = "<group>"; };
		1C0403DE1642A72700F0B254 /* WordReviewViewController.m */ = {isa = PBXFileReference; fileEncoding = 4; lastKnownFileType = sourcecode.c.objc; name = WordReviewViewController.m; path = ../WordReviewViewController.m; sourceTree = "<group>"; };
		1C0403E11642D53B00F0B254 /* NewWord+Utility.h */ = {isa = PBXFileReference; fileEncoding = 4; lastKnownFileType = sourcecode.c.h; path = "NewWord+Utility.h"; sourceTree = "<group>"; };
		1C0403E21642D53B00F0B254 /* NewWord+Utility.m */ = {isa = PBXFileReference; fileEncoding = 4; lastKnownFileType = sourcecode.c.objc; path = "NewWord+Utility.m"; sourceTree = "<group>"; };
		1C0A25C01648E45100BC781A /* addToWordBook.png */ = {isa = PBXFileReference; lastKnownFileType = image.png; path = addToWordBook.png; sourceTree = "<group>"; };
		1C0A25C11648E45100BC781A /* addToWordBook@2x.png */ = {isa = PBXFileReference; lastKnownFileType = image.png; path = "addToWordBook@2x.png"; sourceTree = "<group>"; };
		1C0A25C21648E45100BC781A /* removeFromWordBook.png */ = {isa = PBXFileReference; lastKnownFileType = image.png; path = removeFromWordBook.png; sourceTree = "<group>"; };
		1C0A25C31648E45100BC781A /* removeFromWordBook@2x.png */ = {isa = PBXFileReference; lastKnownFileType = image.png; path = "removeFromWordBook@2x.png"; sourceTree = "<group>"; };
		1C0A25CC164907AF00BC781A /* alreadyReviewAll.png */ = {isa = PBXFileReference; lastKnownFileType = image.png; path = alreadyReviewAll.png; sourceTree = "<group>"; };
		1C0A25CD164907AF00BC781A /* alreadyReviewAll@2x.png */ = {isa = PBXFileReference; lastKnownFileType = image.png; path = "alreadyReviewAll@2x.png"; sourceTree = "<group>"; };
		1C0A25CE164907AF00BC781A /* noNewWordWarning.png */ = {isa = PBXFileReference; lastKnownFileType = image.png; path = noNewWordWarning.png; sourceTree = "<group>"; };
		1C0A25CF164907B000BC781A /* noNewWordWarning@2x.png */ = {isa = PBXFileReference; lastKnownFileType = image.png; path = "noNewWordWarning@2x.png"; sourceTree = "<group>"; };
		1C0A25D0164907B000BC781A /* showExplain.png */ = {isa = PBXFileReference; lastKnownFileType = image.png; path = showExplain.png; sourceTree = "<group>"; };
		1C0A25D1164907B100BC781A /* showExplain@2x.png */ = {isa = PBXFileReference; lastKnownFileType = image.png; path = "showExplain@2x.png"; sourceTree = "<group>"; };
		1C3A8C94163D4FE100C893CA /* WordSampleSentence+Utility.h */ = {isa = PBXFileReference; fileEncoding = 4; lastKnownFileType = sourcecode.c.h; path = "WordSampleSentence+Utility.h"; sourceTree = "<group>"; };
		1C3A8C95163D4FE100C893CA /* WordSampleSentence+Utility.m */ = {isa = PBXFileReference; fileEncoding = 4; lastKnownFileType = sourcecode.c.objc; path = "WordSampleSentence+Utility.m"; sourceTree = "<group>"; };
		1C3A8C96163D4FE100C893CA /* WordExplain+Utility.h */ = {isa = PBXFileReference; fileEncoding = 4; lastKnownFileType = sourcecode.c.h; path = "WordExplain+Utility.h"; sourceTree = "<group>"; };
		1C3A8C97163D4FE100C893CA /* WordExplain+Utility.m */ = {isa = PBXFileReference; fileEncoding = 4; lastKnownFileType = sourcecode.c.objc; path = "WordExplain+Utility.m"; sourceTree = "<group>"; };
		1C3A8C98163D4FE100C893CA /* WordEntity+Utility.h */ = {isa = PBXFileReference; fileEncoding = 4; lastKnownFileType = sourcecode.c.h; path = "WordEntity+Utility.h"; sourceTree = "<group>"; };
		1C3A8C99163D4FE100C893CA /* WordEntity+Utility.m */ = {isa = PBXFileReference; fileEncoding = 4; lastKnownFileType = sourcecode.c.objc; path = "WordEntity+Utility.m"; sourceTree = "<group>"; };
		1C3A8C9A163D4FE100C893CA /* ClassNameAndDicConst.h */ = {isa = PBXFileReference; fileEncoding = 4; lastKnownFileType = sourcecode.c.h; path = ClassNameAndDicConst.h; sourceTree = "<group>"; };
		1C3A8CB7163D506B00C893CA /* CoreData.framework */ = {isa = PBXFileReference; lastKnownFileType = wrapper.framework; name = CoreData.framework; path = System/Library/Frameworks/CoreData.framework; sourceTree = SDKROOT; };
		1C3A8D92163DA42600C893CA /* YADMD.xcdatamodel */ = {isa = PBXFileReference; lastKnownFileType = wrapper.xcdatamodel; path = YADMD.xcdatamodel; sourceTree = "<group>"; };
		1C3A8DAA163E979100C893CA /* MainStoryboard.storyboard */ = {isa = PBXFileReference; fileEncoding = 4; lastKnownFileType = file.storyboard; path = MainStoryboard.storyboard; sourceTree = "<group>"; };
		1C3A8DAD163E98F700C893CA /* CoreDataTableViewController.h */ = {isa = PBXFileReference; fileEncoding = 4; lastKnownFileType = sourcecode.c.h; path = CoreDataTableViewController.h; sourceTree = "<group>"; };
		1C3A8DAE163E98F700C893CA /* CoreDataTableViewController.m */ = {isa = PBXFileReference; fileEncoding = 4; lastKnownFileType = sourcecode.c.objc; path = CoreDataTableViewController.m; sourceTree = "<group>"; };
		1C3A8DB1163E9AC900C893CA /* WordListViewController.h */ = {isa = PBXFileReference; fileEncoding = 4; lastKnownFileType = sourcecode.c.h; path = WordListViewController.h; sourceTree = "<group>"; };
		1C3A8DB2163E9ACA00C893CA /* WordListViewController.m */ = {isa = PBXFileReference; fileEncoding = 4; lastKnownFileType = sourcecode.c.objc; path = WordListViewController.m; sourceTree = "<group>"; };
		1C3A8FA9163EBE2000C893CA /* DDASLLogger.h */ = {isa = PBXFileReference; fileEncoding = 4; lastKnownFileType = sourcecode.c.h; path = DDASLLogger.h; sourceTree = "<group>"; };
		1C3A8FAA163EBE2000C893CA /* DDASLLogger.m */ = {isa = PBXFileReference; fileEncoding = 4; lastKnownFileType = sourcecode.c.objc; path = DDASLLogger.m; sourceTree = "<group>"; };
		1C3A8FAB163EBE2000C893CA /* DDLog.h */ = {isa = PBXFileReference; fileEncoding = 4; lastKnownFileType = sourcecode.c.h; path = DDLog.h; sourceTree = "<group>"; };
		1C3A8FAC163EBE2000C893CA /* DDLog.m */ = {isa = PBXFileReference; fileEncoding = 4; lastKnownFileType = sourcecode.c.objc; path = DDLog.m; sourceTree = "<group>"; };
		1C3A8FAD163EBE2000C893CA /* DDTTYLogger.h */ = {isa = PBXFileReference; fileEncoding = 4; lastKnownFileType = sourcecode.c.h; path = DDTTYLogger.h; sourceTree = "<group>"; };
		1C3A8FAE163EBE2000C893CA /* DDTTYLogger.m */ = {isa = PBXFileReference; fileEncoding = 4; lastKnownFileType = sourcecode.c.objc; path = DDTTYLogger.m; sourceTree = "<group>"; };
		1C48F41B163FAB3400C167FD /* CoreDataInsetTableViewController.h */ = {isa = PBXFileReference; fileEncoding = 4; lastKnownFileType = sourcecode.c.h; path = CoreDataInsetTableViewController.h; sourceTree = "<group>"; };
		1C48F41C163FAB3400C167FD /* CoreDataInsetTableViewController.m */ = {isa = PBXFileReference; fileEncoding = 4; lastKnownFileType = sourcecode.c.objc; path = CoreDataInsetTableViewController.m; sourceTree = "<group>"; };
		1C4980E8163FBC4800D94BB8 /* WordDetailViewController.h */ = {isa = PBXFileReference; fileEncoding = 4; lastKnownFileType = sourcecode.c.h; path = WordDetailViewController.h; sourceTree = "<group>"; };
		1C4980E9163FBC4800D94BB8 /* WordDetailViewController.m */ = {isa = PBXFileReference; fileEncoding = 4; lastKnownFileType = sourcecode.c.objc; path = WordDetailViewController.m; sourceTree = "<group>"; };
		1C4DA883164672AC00EA07AF /* SettingsViewController.h */ = {isa = PBXFileReference; fileEncoding = 4; lastKnownFileType = sourcecode.c.h; path = SettingsViewController.h; sourceTree = "<group>"; };
		1C4DA884164672AC00EA07AF /* SettingsViewController.m */ = {isa = PBXFileReference; fileEncoding = 4; lastKnownFileType = sourcecode.c.objc; path = SettingsViewController.m; sourceTree = "<group>"; };
		1C4DA8881646740500EA07AF /* SettingsKey.h */ = {isa = PBXFileReference; fileEncoding = 4; lastKnownFileType = sourcecode.c.h; path = SettingsKey.h; sourceTree = "<group>"; };
		1C4DA889164697AC00EA07AF /* DailyReviewWordNumberViewController.h */ = {isa = PBXFileReference; fileEncoding = 4; lastKnownFileType = sourcecode.c.h; path = DailyReviewWordNumberViewController.h; sourceTree = "<group>"; };
		1C4DA88A164697AC00EA07AF /* DailyReviewWordNumberViewController.m */ = {isa = PBXFileReference; fileEncoding = 4; lastKnownFileType = sourcecode.c.objc; path = DailyReviewWordNumberViewController.m; sourceTree = "<group>"; };
		1C4DA8AB1646EB7D00EA07AF /* wordDeleted.png */ = {isa = PBXFileReference; lastKnownFileType = image.png; path = wordDeleted.png; sourceTree = "<group>"; };
		1C4DA8AC1646EB7D00EA07AF /* wordDeleted@2x.png */ = {isa = PBXFileReference; lastKnownFileType = image.png; path = "wordDeleted@2x.png"; sourceTree = "<group>"; };
		1C4DA8AD1646EB7D00EA07AF /* wordAdded.png */ = {isa = PBXFileReference; lastKnownFileType = image.png; path = wordAdded.png; sourceTree = "<group>"; };
		1C4DA8AE1646EB7E00EA07AF /* wordAdded@2x.png */ = {isa = PBXFileReference; lastKnownFileType = image.png; path = "wordAdded@2x.png"; sourceTree = "<group>"; };
		1C4DA8BB1647965A00EA07AF /* tts.png */ = {isa = PBXFileReference; lastKnownFileType = image.png; path = tts.png; sourceTree = "<group>"; };
		1CECF8A6164450E900D9FD2F /* icon_settings@2x.png */ = {isa = PBXFileReference; lastKnownFileType = image.png; path = "icon_settings@2x.png"; sourceTree = "<group>"; };
		1CECF8A7164450E900D9FD2F /* icon_settings.png */ = {isa = PBXFileReference; lastKnownFileType = image.png; path = icon_settings.png; sourceTree = "<group>"; };
		1CECF93C16457E8000D9FD2F /* ASIAuthenticationDialog.m */ = {isa = PBXFileReference; fileEncoding = 4; lastKnownFileType = sourcecode.c.objc; path = ASIAuthenticationDialog.m; sourceTree = "<group>"; };
		1CECF93D16457E8000D9FD2F /* ASIAuthenticationDialog.h */ = {isa = PBXFileReference; fileEncoding = 4; lastKnownFileType = sourcecode.c.h; path = ASIAuthenticationDialog.h; sourceTree = "<group>"; };
		1CECF93E16457E8000D9FD2F /* ASICacheDelegate.h */ = {isa = PBXFileReference; fileEncoding = 4; lastKnownFileType = sourcecode.c.h; path = ASICacheDelegate.h; sourceTree = "<group>"; };
		1CECF93F16457E8000D9FD2F /* ASIDataCompressor.h */ = {isa = PBXFileReference; fileEncoding = 4; lastKnownFileType = sourcecode.c.h; path = ASIDataCompressor.h; sourceTree = "<group>"; };
		1CECF94016457E8000D9FD2F /* ASIDataCompressor.m */ = {isa = PBXFileReference; fileEncoding = 4; lastKnownFileType = sourcecode.c.objc; path = ASIDataCompressor.m; sourceTree = "<group>"; };
		1CECF94116457E8000D9FD2F /* ASIDataDecompressor.h */ = {isa = PBXFileReference; fileEncoding = 4; lastKnownFileType = sourcecode.c.h; path = ASIDataDecompressor.h; sourceTree = "<group>"; };
		1CECF94216457E8000D9FD2F /* ASIDataDecompressor.m */ = {isa = PBXFileReference; fileEncoding = 4; lastKnownFileType = sourcecode.c.objc; path = ASIDataDecompressor.m; sourceTree = "<group>"; };
		1CECF94316457E8000D9FD2F /* ASIDownloadCache.h */ = {isa = PBXFileReference; fileEncoding = 4; lastKnownFileType = sourcecode.c.h; path = ASIDownloadCache.h; sourceTree = "<group>"; };
		1CECF94416457E8000D9FD2F /* ASIDownloadCache.m */ = {isa = PBXFileReference; fileEncoding = 4; lastKnownFileType = sourcecode.c.objc; path = ASIDownloadCache.m; sourceTree = "<group>"; };
		1CECF94516457E8000D9FD2F /* ASIFormDataRequest.h */ = {isa = PBXFileReference; fileEncoding = 4; lastKnownFileType = sourcecode.c.h; path = ASIFormDataRequest.h; sourceTree = "<group>"; };
		1CECF94616457E8000D9FD2F /* ASIFormDataRequest.m */ = {isa = PBXFileReference; fileEncoding = 4; lastKnownFileType = sourcecode.c.objc; path = ASIFormDataRequest.m; sourceTree = "<group>"; };
		1CECF94716457E8000D9FD2F /* ASIHTTPRequest.h */ = {isa = PBXFileReference; fileEncoding = 4; lastKnownFileType = sourcecode.c.h; path = ASIHTTPRequest.h; sourceTree = "<group>"; };
		1CECF94816457E8000D9FD2F /* ASIHTTPRequest.m */ = {isa = PBXFileReference; fileEncoding = 4; lastKnownFileType = sourcecode.c.objc; path = ASIHTTPRequest.m; sourceTree = "<group>"; };
		1CECF94916457E8000D9FD2F /* ASIHTTPRequestConfig.h */ = {isa = PBXFileReference; fileEncoding = 4; lastKnownFileType = sourcecode.c.h; path = ASIHTTPRequestConfig.h; sourceTree = "<group>"; };
		1CECF94A16457E8000D9FD2F /* ASIHTTPRequestDelegate.h */ = {isa = PBXFileReference; fileEncoding = 4; lastKnownFileType = sourcecode.c.h; path = ASIHTTPRequestDelegate.h; sourceTree = "<group>"; };
		1CECF94B16457E8000D9FD2F /* ASIInputStream.h */ = {isa = PBXFileReference; fileEncoding = 4; lastKnownFileType = sourcecode.c.h; path = ASIInputStream.h; sourceTree = "<group>"; };
		1CECF94C16457E8000D9FD2F /* ASIInputStream.m */ = {isa = PBXFileReference; fileEncoding = 4; lastKnownFileType = sourcecode.c.objc; path = ASIInputStream.m; sourceTree = "<group>"; };
		1CECF94D16457E8000D9FD2F /* ASINetworkQueue.h */ = {isa = PBXFileReference; fileEncoding = 4; lastKnownFileType = sourcecode.c.h; path = ASINetworkQueue.h; sourceTree = "<group>"; };
		1CECF94E16457E8000D9FD2F /* ASINetworkQueue.m */ = {isa = PBXFileReference; fileEncoding = 4; lastKnownFileType = sourcecode.c.objc; path = ASINetworkQueue.m; sourceTree = "<group>"; };
		1CECF94F16457E8000D9FD2F /* ASIProgressDelegate.h */ = {isa = PBXFileReference; fileEncoding = 4; lastKnownFileType = sourcecode.c.h; path = ASIProgressDelegate.h; sourceTree = "<group>"; };
		1CECF95016457E8000D9FD2F /* Reachability.h */ = {isa = PBXFileReference; fileEncoding = 4; lastKnownFileType = sourcecode.c.h; path = Reachability.h; sourceTree = "<group>"; };
		1CECF95116457E8000D9FD2F /* Reachability.m */ = {isa = PBXFileReference; fileEncoding = 4; lastKnownFileType = sourcecode.c.objc; path = Reachability.m; sourceTree = "<group>"; };
		1CECF97C1645833900D9FD2F /* CFNetwork.framework */ = {isa = PBXFileReference; lastKnownFileType = wrapper.framework; name = CFNetwork.framework; path = System/Library/Frameworks/CFNetwork.framework; sourceTree = SDKROOT; };
		1CECF97E1645835B00D9FD2F /* MobileCoreServices.framework */ = {isa = PBXFileReference; lastKnownFileType = wrapper.framework; name = MobileCoreServices.framework; path = System/Library/Frameworks/MobileCoreServices.framework; sourceTree = SDKROOT; };
		1CECF9801645837A00D9FD2F /* libz.dylib */ = {isa = PBXFileReference; lastKnownFileType = "compiled.mach-o.dylib"; name = libz.dylib; path = usr/lib/libz.dylib; sourceTree = SDKROOT; };
		1CECF982164583A100D9FD2F /* SystemConfiguration.framework */ = {isa = PBXFileReference; lastKnownFileType = wrapper.framework; name = SystemConfiguration.framework; path = System/Library/Frameworks/SystemConfiguration.framework; sourceTree = SDKROOT; };
		1CECF9841645858A00D9FD2F /* AVFoundation.framework */ = {isa = PBXFileReference; lastKnownFileType = wrapper.framework; name = AVFoundation.framework; path = System/Library/Frameworks/AVFoundation.framework; sourceTree = SDKROOT; };
		1CECF98616459A1400D9FD2F /* Security.framework */ = {isa = PBXFileReference; lastKnownFileType = wrapper.framework; name = Security.framework; path = System/Library/Frameworks/Security.framework; sourceTree = SDKROOT; };
		1CECF9BE16464BAC00D9FD2F /* YAD.sqlite */ = {isa = PBXFileReference; lastKnownFileType = file; name = YAD.sqlite; path = ../YAD.sqlite; sourceTree = "<group>"; };
		1CECF9C116464C5D00D9FD2F /* WordSampleSentence.h */ = {isa = PBXFileReference; fileEncoding = 4; lastKnownFileType = sourcecode.c.h; path = WordSampleSentence.h; sourceTree = "<group>"; };
		1CECF9C216464C5E00D9FD2F /* WordSampleSentence.m */ = {isa = PBXFileReference; fileEncoding = 4; lastKnownFileType = sourcecode.c.objc; path = WordSampleSentence.m; sourceTree = "<group>"; };
		1CECF9C516464C5F00D9FD2F /* WordEntity.h */ = {isa = PBXFileReference; fileEncoding = 4; lastKnownFileType = sourcecode.c.h; path = WordEntity.h; sourceTree = "<group>"; };
		1CECF9C616464C6000D9FD2F /* WordEntity.m */ = {isa = PBXFileReference; fileEncoding = 4; lastKnownFileType = sourcecode.c.objc; path = WordEntity.m; sourceTree = "<group>"; };
		1CECF9C916464C6200D9FD2F /* WordExplain.h */ = {isa = PBXFileReference; fileEncoding = 4; lastKnownFileType = sourcecode.c.h; path = WordExplain.h; sourceTree = "<group>"; };
		1CECF9CA16464C6200D9FD2F /* WordExplain.m */ = {isa = PBXFileReference; fileEncoding = 4; lastKnownFileType = sourcecode.c.objc; path = WordExplain.m; sourceTree = "<group>"; };
		1CECF9CD16464C6300D9FD2F /* NewWord.h */ = {isa = PBXFileReference; fileEncoding = 4; lastKnownFileType = sourcecode.c.h; path = NewWord.h; sourceTree = "<group>"; };
		1CECF9CE16464C6300D9FD2F /* NewWord.m */ = {isa = PBXFileReference; fileEncoding = 4; lastKnownFileType = sourcecode.c.objc; path = NewWord.m; sourceTree = "<group>"; };
		1CECF9D116464C6300D9FD2F /* LookUpHistory.h */ = {isa = PBXFileReference; fileEncoding = 4; lastKnownFileType = sourcecode.c.h; path = LookUpHistory.h; sourceTree = "<group>"; };
		1CECF9D216464C6400D9FD2F /* LookUpHistory.m */ = {isa = PBXFileReference; fileEncoding = 4; lastKnownFileType = sourcecode.c.objc; path = LookUpHistory.m; sourceTree = "<group>"; };
		1CEF6FAF163C19DE00D31F32 /* YADOI.app */ = {isa = PBXFileReference; explicitFileType = wrapper.application; includeInIndex = 0; path = YADOI.app; sourceTree = BUILT_PRODUCTS_DIR; };
		1CEF6FB3163C19DE00D31F32 /* UIKit.framework */ = {isa = PBXFileReference; lastKnownFileType = wrapper.framework; name = UIKit.framework; path = System/Library/Frameworks/UIKit.framework; sourceTree = SDKROOT; };
		1CEF6FB5163C19DE00D31F32 /* Foundation.framework */ = {isa = PBXFileReference; lastKnownFileType = wrapper.framework; name = Foundation.framework; path = System/Library/Frameworks/Foundation.framework; sourceTree = SDKROOT; };
		1CEF6FB7163C19DE00D31F32 /* CoreGraphics.framework */ = {isa = PBXFileReference; lastKnownFileType = wrapper.framework; name = CoreGraphics.framework; path = System/Library/Frameworks/CoreGraphics.framework; sourceTree = SDKROOT; };
		1CEF6FBB163C19DE00D31F32 /* YADOI-Info.plist */ = {isa = PBXFileReference; lastKnownFileType = text.plist.xml; path = "YADOI-Info.plist"; sourceTree = "<group>"; };
		1CEF6FBD163C19DE00D31F32 /* en */ = {isa = PBXFileReference; lastKnownFileType = text.plist.strings; name = en; path = en.lproj/InfoPlist.strings; sourceTree = "<group>"; };
		1CEF6FBF163C19DE00D31F32 /* main.m */ = {isa = PBXFileReference; lastKnownFileType = sourcecode.c.objc; path = main.m; sourceTree = "<group>"; };
		1CEF6FC1163C19DE00D31F32 /* YADOI-Prefix.pch */ = {isa = PBXFileReference; lastKnownFileType = sourcecode.c.h; path = "YADOI-Prefix.pch"; sourceTree = "<group>"; };
		1CEF6FC2163C19DE00D31F32 /* YADAppDelegate.h */ = {isa = PBXFileReference; lastKnownFileType = sourcecode.c.h; path = YADAppDelegate.h; sourceTree = "<group>"; };
		1CEF6FC3163C19DE00D31F32 /* YADAppDelegate.m */ = {isa = PBXFileReference; lastKnownFileType = sourcecode.c.objc; path = YADAppDelegate.m; sourceTree = "<group>"; };
		1CEF6FC5163C19DE00D31F32 /* Default.png */ = {isa = PBXFileReference; lastKnownFileType = image.png; path = Default.png; sourceTree = "<group>"; };
		1CEF6FC7163C19DE00D31F32 /* Default@2x.png */ = {isa = PBXFileReference; lastKnownFileType = image.png; path = "Default@2x.png"; sourceTree = "<group>"; };
		1CEF6FC9163C19DE00D31F32 /* Default-568h@2x.png */ = {isa = PBXFileReference; lastKnownFileType = image.png; path = "Default-568h@2x.png"; sourceTree = "<group>"; };
		1CEF6FD6163C19DE00D31F32 /* YADOITests.octest */ = {isa = PBXFileReference; explicitFileType = wrapper.cfbundle; includeInIndex = 0; path = YADOITests.octest; sourceTree = BUILT_PRODUCTS_DIR; };
		1CEF6FD7163C19DE00D31F32 /* SenTestingKit.framework */ = {isa = PBXFileReference; lastKnownFileType = wrapper.framework; name = SenTestingKit.framework; path = Library/Frameworks/SenTestingKit.framework; sourceTree = DEVELOPER_DIR; };
		1CEF6FDF163C19DE00D31F32 /* YADOITests-Info.plist */ = {isa = PBXFileReference; lastKnownFileType = text.plist.xml; path = "YADOITests-Info.plist"; sourceTree = "<group>"; };
		1CEF6FE1163C19DE00D31F32 /* en */ = {isa = PBXFileReference; lastKnownFileType = text.plist.strings; name = en; path = en.lproj/InfoPlist.strings; sourceTree = "<group>"; };
		1CEF6FE3163C19DE00D31F32 /* YADOITests.h */ = {isa = PBXFileReference; lastKnownFileType = sourcecode.c.h; path = YADOITests.h; sourceTree = "<group>"; };
		1CEF6FE4163C19DE00D31F32 /* YADOITests.m */ = {isa = PBXFileReference; lastKnownFileType = sourcecode.c.objc; path = YADOITests.m; sourceTree = "<group>"; };
/* End PBXFileReference section */

/* Begin PBXFrameworksBuildPhase section */
		1CEF6FAC163C19DE00D31F32 /* Frameworks */ = {
			isa = PBXFrameworksBuildPhase;
			buildActionMask = 2147483647;
			files = (
				1CECF9851645858B00D9FD2F /* AVFoundation.framework in Frameworks */,
				1CECF983164583A100D9FD2F /* SystemConfiguration.framework in Frameworks */,
				1CECF9811645837A00D9FD2F /* libz.dylib in Frameworks */,
				1CEF6FB8163C19DE00D31F32 /* CoreGraphics.framework in Frameworks */,
				1CECF97F1645835C00D9FD2F /* MobileCoreServices.framework in Frameworks */,
				1CECF97D1645833900D9FD2F /* CFNetwork.framework in Frameworks */,
				1C3A8CB8163D506B00C893CA /* CoreData.framework in Frameworks */,
				1CEF6FB4163C19DE00D31F32 /* UIKit.framework in Frameworks */,
				1CEF6FB6163C19DE00D31F32 /* Foundation.framework in Frameworks */,
			);
			runOnlyForDeploymentPostprocessing = 0;
		};
		1CEF6FD2163C19DE00D31F32 /* Frameworks */ = {
			isa = PBXFrameworksBuildPhase;
			buildActionMask = 2147483647;
			files = (
				1CEF6FD8163C19DE00D31F32 /* SenTestingKit.framework in Frameworks */,
				1CEF6FD9163C19DE00D31F32 /* UIKit.framework in Frameworks */,
				1CEF6FDA163C19DE00D31F32 /* Foundation.framework in Frameworks */,
			);
			runOnlyForDeploymentPostprocessing = 0;
		};
/* End PBXFrameworksBuildPhase section */

/* Begin PBXGroup section */
		1C0403C4164285DA00F0B254 /* Images */ = {
			isa = PBXGroup;
			children = (
				1C0A25CC164907AF00BC781A /* alreadyReviewAll.png */,
				1C0A25CD164907AF00BC781A /* alreadyReviewAll@2x.png */,
				1C0A25CE164907AF00BC781A /* noNewWordWarning.png */,
				1C0A25CF164907B000BC781A /* noNewWordWarning@2x.png */,
				1C0A25D0164907B000BC781A /* showExplain.png */,
				1C0A25D1164907B100BC781A /* showExplain@2x.png */,
				1C4DA8BB1647965A00EA07AF /* tts.png */,
				1C4DA8AB1646EB7D00EA07AF /* wordDeleted.png */,
				1C4DA8AC1646EB7D00EA07AF /* wordDeleted@2x.png */,
				1C4DA8AD1646EB7D00EA07AF /* wordAdded.png */,
				1C4DA8AE1646EB7E00EA07AF /* wordAdded@2x.png */,
				1C0A25C01648E45100BC781A /* addToWordBook.png */,
				1C0A25C11648E45100BC781A /* addToWordBook@2x.png */,
				1C0A25C21648E45100BC781A /* removeFromWordBook.png */,
				1C0A25C31648E45100BC781A /* removeFromWordBook@2x.png */,
				1CECF8A6164450E900D9FD2F /* icon_settings@2x.png */,
				1CECF8A7164450E900D9FD2F /* icon_settings.png */,
				1C0403CD164287C600F0B254 /* icon_wordBook.png */,
				1C0403CE164287C600F0B254 /* icon_wordBook@2x.png */,
				1C0403C91642879800F0B254 /* icon_search.png */,
				1C0403CA1642879800F0B254 /* icon_search@2x.png */,
				1C0403C51642862E00F0B254 /* history.png */,
				1C0403C61642862E00F0B254 /* history@2x.png */,
			);
			name = Images;
			sourceTree = "<group>";
		};
		1C3A8C91163D4F9700C893CA /* CoreData */ = {
			isa = PBXGroup;
			children = (
				1CECF9BE16464BAC00D9FD2F /* YAD.sqlite */,
				1C3A8DAD163E98F700C893CA /* CoreDataTableViewController.h */,
				1C3A8DAE163E98F700C893CA /* CoreDataTableViewController.m */,
				1C48F41B163FAB3400C167FD /* CoreDataInsetTableViewController.h */,
				1C48F41C163FAB3400C167FD /* CoreDataInsetTableViewController.m */,
				1C3A8D91163DA42600C893CA /* YADMD.xcdatamodeld */,
				1CECF9D116464C6300D9FD2F /* LookUpHistory.h */,
				1CECF9D216464C6400D9FD2F /* LookUpHistory.m */,
				1CECF9CD16464C6300D9FD2F /* NewWord.h */,
				1CECF9CE16464C6300D9FD2F /* NewWord.m */,
				1CECF9C916464C6200D9FD2F /* WordExplain.h */,
				1CECF9CA16464C6200D9FD2F /* WordExplain.m */,
				1CECF9C516464C5F00D9FD2F /* WordEntity.h */,
				1CECF9C616464C6000D9FD2F /* WordEntity.m */,
				1CECF9C116464C5D00D9FD2F /* WordSampleSentence.h */,
				1CECF9C216464C5E00D9FD2F /* WordSampleSentence.m */,
				1C3A8C94163D4FE100C893CA /* WordSampleSentence+Utility.h */,
				1C3A8C95163D4FE100C893CA /* WordSampleSentence+Utility.m */,
				1C0403E11642D53B00F0B254 /* NewWord+Utility.h */,
				1C0403E21642D53B00F0B254 /* NewWord+Utility.m */,
				1C3A8C96163D4FE100C893CA /* WordExplain+Utility.h */,
				1C3A8C97163D4FE100C893CA /* WordExplain+Utility.m */,
				1C3A8C98163D4FE100C893CA /* WordEntity+Utility.h */,
				1C3A8C99163D4FE100C893CA /* WordEntity+Utility.m */,
				1C3A8C9A163D4FE100C893CA /* ClassNameAndDicConst.h */,
			);
			name = CoreData;
			sourceTree = "<group>";
		};
		1C3A8CB9163D50A600C893CA /* Libs */ = {
			isa = PBXGroup;
			children = (
				1CECF96416457EA400D9FD2F /* ASIHTTPRequest */,
				1C3A8CBA163D50F800C893CA /* Log */,
			);
			name = Libs;
			sourceTree = "<group>";
		};
		1C3A8CBA163D50F800C893CA /* Log */ = {
			isa = PBXGroup;
			children = (
				1C3A8FA9163EBE2000C893CA /* DDASLLogger.h */,
				1C3A8FAA163EBE2000C893CA /* DDASLLogger.m */,
				1C3A8FAB163EBE2000C893CA /* DDLog.h */,
				1C3A8FAC163EBE2000C893CA /* DDLog.m */,
				1C3A8FAD163EBE2000C893CA /* DDTTYLogger.h */,
				1C3A8FAE163EBE2000C893CA /* DDTTYLogger.m */,
			);
			name = Log;
			sourceTree = "<group>";
		};
		1CECF96416457EA400D9FD2F /* ASIHTTPRequest */ = {
			isa = PBXGroup;
			children = (
				1CECF93C16457E8000D9FD2F /* ASIAuthenticationDialog.m */,
				1CECF93D16457E8000D9FD2F /* ASIAuthenticationDialog.h */,
				1CECF93E16457E8000D9FD2F /* ASICacheDelegate.h */,
				1CECF93F16457E8000D9FD2F /* ASIDataCompressor.h */,
				1CECF94016457E8000D9FD2F /* ASIDataCompressor.m */,
				1CECF94116457E8000D9FD2F /* ASIDataDecompressor.h */,
				1CECF94216457E8000D9FD2F /* ASIDataDecompressor.m */,
				1CECF94316457E8000D9FD2F /* ASIDownloadCache.h */,
				1CECF94416457E8000D9FD2F /* ASIDownloadCache.m */,
				1CECF94516457E8000D9FD2F /* ASIFormDataRequest.h */,
				1CECF94616457E8000D9FD2F /* ASIFormDataRequest.m */,
				1CECF94716457E8000D9FD2F /* ASIHTTPRequest.h */,
				1CECF94816457E8000D9FD2F /* ASIHTTPRequest.m */,
				1CECF94916457E8000D9FD2F /* ASIHTTPRequestConfig.h */,
				1CECF94A16457E8000D9FD2F /* ASIHTTPRequestDelegate.h */,
				1CECF94B16457E8000D9FD2F /* ASIInputStream.h */,
				1CECF94C16457E8000D9FD2F /* ASIInputStream.m */,
				1CECF94D16457E8000D9FD2F /* ASINetworkQueue.h */,
				1CECF94E16457E8000D9FD2F /* ASINetworkQueue.m */,
				1CECF94F16457E8000D9FD2F /* ASIProgressDelegate.h */,
				1CECF95016457E8000D9FD2F /* Reachability.h */,
				1CECF95116457E8000D9FD2F /* Reachability.m */,
			);
			name = ASIHTTPRequest;
			sourceTree = "<group>";
		};
		1CEF6FA4163C19DD00D31F32 = {
			isa = PBXGroup;
			children = (
				1CEF6FB9163C19DE00D31F32 /* YADOI */,
				1CEF6FDD163C19DE00D31F32 /* YADOITests */,
				1CEF6FB2163C19DE00D31F32 /* Frameworks */,
				1CEF6FB0163C19DE00D31F32 /* Products */,
			);
			sourceTree = "<group>";
		};
		1CEF6FB0163C19DE00D31F32 /* Products */ = {
			isa = PBXGroup;
			children = (
				1CEF6FAF163C19DE00D31F32 /* YADOI.app */,
				1CEF6FD6163C19DE00D31F32 /* YADOITests.octest */,
			);
			name = Products;
			sourceTree = "<group>";
		};
		1CEF6FB2163C19DE00D31F32 /* Frameworks */ = {
			isa = PBXGroup;
			children = (
				1CECF98616459A1400D9FD2F /* Security.framework */,
				1CECF9841645858A00D9FD2F /* AVFoundation.framework */,
				1CECF982164583A100D9FD2F /* SystemConfiguration.framework */,
				1CECF9801645837A00D9FD2F /* libz.dylib */,
				1CECF97E1645835B00D9FD2F /* MobileCoreServices.framework */,
				1CECF97C1645833900D9FD2F /* CFNetwork.framework */,
				1C3A8CB7163D506B00C893CA /* CoreData.framework */,
				1CEF6FB3163C19DE00D31F32 /* UIKit.framework */,
				1CEF6FB5163C19DE00D31F32 /* Foundation.framework */,
				1CEF6FB7163C19DE00D31F32 /* CoreGraphics.framework */,
				1CEF6FD7163C19DE00D31F32 /* SenTestingKit.framework */,
			);
			name = Frameworks;
			sourceTree = "<group>";
		};
		1CEF6FB9163C19DE00D31F32 /* YADOI */ = {
			isa = PBXGroup;
			children = (
				1C0403C4164285DA00F0B254 /* Images */,
				1C3A8C91163D4F9700C893CA /* CoreData */,
				1CEF6FC2163C19DE00D31F32 /* YADAppDelegate.h */,
				1CEF6FC3163C19DE00D31F32 /* YADAppDelegate.m */,
				1C3A8DB1163E9AC900C893CA /* WordListViewController.h */,
				1C3A8DB2163E9ACA00C893CA /* WordListViewController.m */,
				1C4980E8163FBC4800D94BB8 /* WordDetailViewController.h */,
				1C4980E9163FBC4800D94BB8 /* WordDetailViewController.m */,
				1C0403BC1641423C00F0B254 /* NewWordBookViewController.h */,
				1C0403BD1641423C00F0B254 /* NewWordBookViewController.m */,
				1C0403DD1642A72700F0B254 /* WordReviewViewController.h */,
				1C0403DE1642A72700F0B254 /* WordReviewViewController.m */,
				1C4DA883164672AC00EA07AF /* SettingsViewController.h */,
				1C4DA884164672AC00EA07AF /* SettingsViewController.m */,
				1C4DA889164697AC00EA07AF /* DailyReviewWordNumberViewController.h */,
				1C4DA88A164697AC00EA07AF /* DailyReviewWordNumberViewController.m */,
				1C4DA8881646740500EA07AF /* SettingsKey.h */,
				1C3A8DAA163E979100C893CA /* MainStoryboard.storyboard */,
				1CEF6FBA163C19DE00D31F32 /* Supporting Files */,
				1C3A8CB9163D50A600C893CA /* Libs */,
			);
			path = YADOI;
			sourceTree = "<group>";
		};
		1CEF6FBA163C19DE00D31F32 /* Supporting Files */ = {
			isa = PBXGroup;
			children = (
				1CEF6FBB163C19DE00D31F32 /* YADOI-Info.plist */,
				1CEF6FBC163C19DE00D31F32 /* InfoPlist.strings */,
				1CEF6FBF163C19DE00D31F32 /* main.m */,
				1CEF6FC1163C19DE00D31F32 /* YADOI-Prefix.pch */,
				1CEF6FC5163C19DE00D31F32 /* Default.png */,
				1CEF6FC7163C19DE00D31F32 /* Default@2x.png */,
				1CEF6FC9163C19DE00D31F32 /* Default-568h@2x.png */,
			);
			name = "Supporting Files";
			sourceTree = "<group>";
		};
		1CEF6FDD163C19DE00D31F32 /* YADOITests */ = {
			isa = PBXGroup;
			children = (
				1CEF6FE3163C19DE00D31F32 /* YADOITests.h */,
				1CEF6FE4163C19DE00D31F32 /* YADOITests.m */,
				1CEF6FDE163C19DE00D31F32 /* Supporting Files */,
			);
			path = YADOITests;
			sourceTree = "<group>";
		};
		1CEF6FDE163C19DE00D31F32 /* Supporting Files */ = {
			isa = PBXGroup;
			children = (
				1CEF6FDF163C19DE00D31F32 /* YADOITests-Info.plist */,
				1CEF6FE0163C19DE00D31F32 /* InfoPlist.strings */,
			);
			name = "Supporting Files";
			sourceTree = "<group>";
		};
/* End PBXGroup section */

/* Begin PBXNativeTarget section */
		1CEF6FAE163C19DE00D31F32 /* YADOI */ = {
			isa = PBXNativeTarget;
			buildConfigurationList = 1CEF6FE8163C19DE00D31F32 /* Build configuration list for PBXNativeTarget "YADOI" */;
			buildPhases = (
				1CEF6FAB163C19DE00D31F32 /* Sources */,
				1CEF6FAC163C19DE00D31F32 /* Frameworks */,
				1CEF6FAD163C19DE00D31F32 /* Resources */,
				1C3A91FE163EC57100C893CA /* ShellScript */,
			);
			buildRules = (
			);
			dependencies = (
			);
			name = YADOI;
			productName = YADOI;
			productReference = 1CEF6FAF163C19DE00D31F32 /* YADOI.app */;
			productType = "com.apple.product-type.application";
		};
		1CEF6FD5163C19DE00D31F32 /* YADOITests */ = {
			isa = PBXNativeTarget;
			buildConfigurationList = 1CEF6FEB163C19DE00D31F32 /* Build configuration list for PBXNativeTarget "YADOITests" */;
			buildPhases = (
				1CEF6FD1163C19DE00D31F32 /* Sources */,
				1CEF6FD2163C19DE00D31F32 /* Frameworks */,
				1CEF6FD3163C19DE00D31F32 /* Resources */,
				1CEF6FD4163C19DE00D31F32 /* ShellScript */,
			);
			buildRules = (
			);
			dependencies = (
				1CEF6FDC163C19DE00D31F32 /* PBXTargetDependency */,
			);
			name = YADOITests;
			productName = YADOITests;
			productReference = 1CEF6FD6163C19DE00D31F32 /* YADOITests.octest */;
			productType = "com.apple.product-type.bundle";
		};
/* End PBXNativeTarget section */

/* Begin PBXProject section */
		1CEF6FA6163C19DD00D31F32 /* Project object */ = {
			isa = PBXProject;
			attributes = {
				CLASSPREFIX = YAD;
				LastUpgradeCheck = 0450;
				ORGANIZATIONNAME = HaiLee;
			};
			buildConfigurationList = 1CEF6FA9163C19DD00D31F32 /* Build configuration list for PBXProject "YADOI" */;
			compatibilityVersion = "Xcode 3.2";
			developmentRegion = English;
			hasScannedForEncodings = 0;
			knownRegions = (
				en,
				English,
			);
			mainGroup = 1CEF6FA4163C19DD00D31F32;
			productRefGroup = 1CEF6FB0163C19DE00D31F32 /* Products */;
			projectDirPath = "";
			projectRoot = "";
			targets = (
				1CEF6FAE163C19DE00D31F32 /* YADOI */,
				1CEF6FD5163C19DE00D31F32 /* YADOITests */,
			);
		};
/* End PBXProject section */

/* Begin PBXResourcesBuildPhase section */
		1CEF6FAD163C19DE00D31F32 /* Resources */ = {
			isa = PBXResourcesBuildPhase;
			buildActionMask = 2147483647;
			files = (
				1CEF6FBE163C19DE00D31F32 /* InfoPlist.strings in Resources */,
				1CEF6FC6163C19DE00D31F32 /* Default.png in Resources */,
				1CEF6FC8163C19DE00D31F32 /* Default@2x.png in Resources */,
				1CEF6FCA163C19DE00D31F32 /* Default-568h@2x.png in Resources */,
				1C3A8DAB163E979100C893CA /* MainStoryboard.storyboard in Resources */,
				1C0403C71642862E00F0B254 /* history.png in Resources */,
				1C0403C81642862E00F0B254 /* history@2x.png in Resources */,
				1C0403CB1642879800F0B254 /* icon_search.png in Resources */,
				1C0403CC1642879800F0B254 /* icon_search@2x.png in Resources */,
				1C0403CF164287C600F0B254 /* icon_wordBook.png in Resources */,
				1C0403D0164287C600F0B254 /* icon_wordBook@2x.png in Resources */,
				1CECF8A8164450E900D9FD2F /* icon_settings@2x.png in Resources */,
				1CECF8AA164450E900D9FD2F /* icon_settings.png in Resources */,
				1CECF9BF16464BAC00D9FD2F /* YAD.sqlite in Resources */,
				1C4DA8AF1646EB7E00EA07AF /* wordDeleted.png in Resources */,
				1C4DA8B11646EB7E00EA07AF /* wordDeleted@2x.png in Resources */,
				1C4DA8B31646EB7E00EA07AF /* wordAdded.png in Resources */,
				1C4DA8B51646EB7E00EA07AF /* wordAdded@2x.png in Resources */,
				1C4DA8BC1647965A00EA07AF /* tts.png in Resources */,
				1C0A25C41648E45100BC781A /* addToWordBook.png in Resources */,
				1C0A25C61648E45100BC781A /* addToWordBook@2x.png in Resources */,
				1C0A25C81648E45100BC781A /* removeFromWordBook.png in Resources */,
				1C0A25CA1648E45100BC781A /* removeFromWordBook@2x.png in Resources */,
				1C0A25D2164907B100BC781A /* alreadyReviewAll.png in Resources */,
				1C0A25D4164907B100BC781A /* alreadyReviewAll@2x.png in Resources */,
				1C0A25D6164907B100BC781A /* noNewWordWarning.png in Resources */,
				1C0A25D8164907B100BC781A /* noNewWordWarning@2x.png in Resources */,
				1C0A25DA164907B100BC781A /* showExplain.png in Resources */,
				1C0A25DC164907B100BC781A /* showExplain@2x.png in Resources */,
			);
			runOnlyForDeploymentPostprocessing = 0;
		};
		1CEF6FD3163C19DE00D31F32 /* Resources */ = {
			isa = PBXResourcesBuildPhase;
			buildActionMask = 2147483647;
			files = (
				1CEF6FE2163C19DE00D31F32 /* InfoPlist.strings in Resources */,
				1C3A8DAC163E979100C893CA /* MainStoryboard.storyboard in Resources */,
				1CECF8A9164450E900D9FD2F /* icon_settings@2x.png in Resources */,
				1CECF8AB164450E900D9FD2F /* icon_settings.png in Resources */,
				1CECF9C016464BAC00D9FD2F /* YAD.sqlite in Resources */,
				1C4DA8B01646EB7E00EA07AF /* wordDeleted.png in Resources */,
				1C4DA8B21646EB7E00EA07AF /* wordDeleted@2x.png in Resources */,
				1C4DA8B41646EB7E00EA07AF /* wordAdded.png in Resources */,
				1C4DA8B61646EB7E00EA07AF /* wordAdded@2x.png in Resources */,
				1C4DA8BD1647965A00EA07AF /* tts.png in Resources */,
				1C0A25C51648E45100BC781A /* addToWordBook.png in Resources */,
				1C0A25C71648E45100BC781A /* addToWordBook@2x.png in Resources */,
				1C0A25C91648E45100BC781A /* removeFromWordBook.png in Resources */,
				1C0A25CB1648E45100BC781A /* removeFromWordBook@2x.png in Resources */,
				1C0A25D3164907B100BC781A /* alreadyReviewAll.png in Resources */,
				1C0A25D5164907B100BC781A /* alreadyReviewAll@2x.png in Resources */,
				1C0A25D7164907B100BC781A /* noNewWordWarning.png in Resources */,
				1C0A25D9164907B100BC781A /* noNewWordWarning@2x.png in Resources */,
				1C0A25DB164907B100BC781A /* showExplain.png in Resources */,
				1C0A25DD164907B100BC781A /* showExplain@2x.png in Resources */,
			);
			runOnlyForDeploymentPostprocessing = 0;
		};
/* End PBXResourcesBuildPhase section */

/* Begin PBXShellScriptBuildPhase section */
		1C3A91FE163EC57100C893CA /* ShellScript */ = {
			isa = PBXShellScriptBuildPhase;
			buildActionMask = 2147483647;
			files = (
			);
			inputPaths = (
			);
			outputPaths = (
			);
			runOnlyForDeploymentPostprocessing = 0;
			shellPath = /bin/sh;
			shellScript = "KEYWORDS=\"TODO:|FIXME:|\\?\\?\\?:|\\!\\!\\!:\"\nfind \"${SRCROOT}\" \\( -name \"*.h\" -or -name \"*.m\" \\) -print0 | xargs -0 egrep --with-filename --line-number --only-matching \"($KEYWORDS).*\\$\" | perl -p -e \"s/($KEYWORDS)/ warning: \\$1/\"";
		};
		1CEF6FD4163C19DE00D31F32 /* ShellScript */ = {
			isa = PBXShellScriptBuildPhase;
			buildActionMask = 2147483647;
			files = (
			);
			inputPaths = (
			);
			outputPaths = (
			);
			runOnlyForDeploymentPostprocessing = 0;
			shellPath = /bin/sh;
			shellScript = "# Run the unit tests in this test bundle.\n\"${SYSTEM_DEVELOPER_DIR}/Tools/RunUnitTests\"\n";
		};
/* End PBXShellScriptBuildPhase section */

/* Begin PBXSourcesBuildPhase section */
		1CEF6FAB163C19DE00D31F32 /* Sources */ = {
			isa = PBXSourcesBuildPhase;
			buildActionMask = 2147483647;
			files = (
				1CECF97B1645827300D9FD2F /* ASIInputStream.m in Sources */,
				1CECF965164581CE00D9FD2F /* ASIAuthenticationDialog.m in Sources */,
				1CECF969164581CE00D9FD2F /* ASIDataCompressor.m in Sources */,
				1CECF96B164581CE00D9FD2F /* ASIDataDecompressor.m in Sources */,
				1CECF96D164581CE00D9FD2F /* ASIDownloadCache.m in Sources */,
				1CECF96F164581CE00D9FD2F /* ASIFormDataRequest.m in Sources */,
				1CECF971164581CE00D9FD2F /* ASIHTTPRequest.m in Sources */,
				1CECF977164581CE00D9FD2F /* ASINetworkQueue.m in Sources */,
				1CECF97A164581CE00D9FD2F /* Reachability.m in Sources */,
				1CEF6FC0163C19DE00D31F32 /* main.m in Sources */,
				1CEF6FC4163C19DE00D31F32 /* YADAppDelegate.m in Sources */,
				1C3A8CA7163D4FE100C893CA /* WordSampleSentence+Utility.m in Sources */,
				1C3A8CA9163D4FE100C893CA /* WordExplain+Utility.m in Sources */,
				1C3A8CAB163D4FE100C893CA /* WordEntity+Utility.m in Sources */,
				1C3A8D93163DA42600C893CA /* YADMD.xcdatamodeld in Sources */,
				1C3A8DAF163E98F700C893CA /* CoreDataTableViewController.m in Sources */,
				1C3A8DB3163E9ACA00C893CA /* WordListViewController.m in Sources */,
				1C3A91AD163EBE2200C893CA /* DDASLLogger.m in Sources */,
				1C3A91AF163EBE2200C893CA /* DDLog.m in Sources */,
				1C3A91B1163EBE2200C893CA /* DDTTYLogger.m in Sources */,
				1C48F41D163FAB3400C167FD /* CoreDataInsetTableViewController.m in Sources */,
				1C4980EA163FBC4800D94BB8 /* WordDetailViewController.m in Sources */,
				1C0403BE1641423C00F0B254 /* NewWordBookViewController.m in Sources */,
				1C0403DF1642A72700F0B254 /* WordReviewViewController.m in Sources */,
				1C0403E31642D53B00F0B254 /* NewWord+Utility.m in Sources */,
				1CECF9C316464C5E00D9FD2F /* WordSampleSentence.m in Sources */,
				1CECF9C716464C6000D9FD2F /* WordEntity.m in Sources */,
				1CECF9CB16464C6300D9FD2F /* WordExplain.m in Sources */,
				1CECF9CF16464C6300D9FD2F /* NewWord.m in Sources */,
				1CECF9D316464C6400D9FD2F /* LookUpHistory.m in Sources */,
				1C4DA885164672AC00EA07AF /* SettingsViewController.m in Sources */,
				1C4DA88B164697AD00EA07AF /* DailyReviewWordNumberViewController.m in Sources */,
			);
			runOnlyForDeploymentPostprocessing = 0;
		};
		1CEF6FD1163C19DE00D31F32 /* Sources */ = {
			isa = PBXSourcesBuildPhase;
			buildActionMask = 2147483647;
			files = (
				1CEF6FE5163C19DE00D31F32 /* YADOITests.m in Sources */,
				1C3A8CA8163D4FE100C893CA /* WordSampleSentence+Utility.m in Sources */,
				1C3A8CAA163D4FE100C893CA /* WordExplain+Utility.m in Sources */,
				1C3A8CAC163D4FE100C893CA /* WordEntity+Utility.m in Sources */,
				1C3A8D94163DA42600C893CA /* YADMD.xcdatamodeld in Sources */,
				1C3A8DB0163E98F700C893CA /* CoreDataTableViewController.m in Sources */,
				1C3A8DB4163E9ACA00C893CA /* WordListViewController.m in Sources */,
				1C3A91AE163EBE2200C893CA /* DDASLLogger.m in Sources */,
				1C3A91B0163EBE2200C893CA /* DDLog.m in Sources */,
				1C3A91B2163EBE2200C893CA /* DDTTYLogger.m in Sources */,
				1C0403E01642A72700F0B254 /* WordReviewViewController.m in Sources */,
				1C0403E41642D53B00F0B254 /* NewWord+Utility.m in Sources */,
				1CECF95316457E8000D9FD2F /* ASIAuthenticationDialog.m in Sources */,
				1CECF95516457E8000D9FD2F /* ASIDataCompressor.m in Sources */,
				1CECF95716457E8000D9FD2F /* ASIDataDecompressor.m in Sources */,
				1CECF95916457E8000D9FD2F /* ASIDownloadCache.m in Sources */,
				1CECF95B16457E8000D9FD2F /* ASIFormDataRequest.m in Sources */,
				1CECF95D16457E8000D9FD2F /* ASIHTTPRequest.m in Sources */,
				1CECF95F16457E8000D9FD2F /* ASIInputStream.m in Sources */,
				1CECF96116457E8000D9FD2F /* ASINetworkQueue.m in Sources */,
				1CECF96316457E8000D9FD2F /* Reachability.m in Sources */,
				1CECF9C416464C5E00D9FD2F /* WordSampleSentence.m in Sources */,
				1CECF9C816464C6000D9FD2F /* WordEntity.m in Sources */,
				1CECF9CC16464C6300D9FD2F /* WordExplain.m in Sources */,
				1CECF9D016464C6300D9FD2F /* NewWord.m in Sources */,
				1CECF9D416464C6400D9FD2F /* LookUpHistory.m in Sources */,
				1C4DA886164672AC00EA07AF /* SettingsViewController.m in Sources */,
				1C4DA88C164697AD00EA07AF /* DailyReviewWordNumberViewController.m in Sources */,
			);
			runOnlyForDeploymentPostprocessing = 0;
		};
/* End PBXSourcesBuildPhase section */

/* Begin PBXTargetDependency section */
		1CEF6FDC163C19DE00D31F32 /* PBXTargetDependency */ = {
			isa = PBXTargetDependency;
			target = 1CEF6FAE163C19DE00D31F32 /* YADOI */;
			targetProxy = 1CEF6FDB163C19DE00D31F32 /* PBXContainerItemProxy */;
		};
/* End PBXTargetDependency section */

/* Begin PBXVariantGroup section */
		1CEF6FBC163C19DE00D31F32 /* InfoPlist.strings */ = {
			isa = PBXVariantGroup;
			children = (
				1CEF6FBD163C19DE00D31F32 /* en */,
			);
			name = InfoPlist.strings;
			sourceTree = "<group>";
		};
		1CEF6FE0163C19DE00D31F32 /* InfoPlist.strings */ = {
			isa = PBXVariantGroup;
			children = (
				1CEF6FE1163C19DE00D31F32 /* en */,
			);
			name = InfoPlist.strings;
			sourceTree = "<group>";
		};
/* End PBXVariantGroup section */

/* Begin XCBuildConfiguration section */
		1CEF6FE6163C19DE00D31F32 /* Debug */ = {
			isa = XCBuildConfiguration;
			buildSettings = {
				ALWAYS_SEARCH_USER_PATHS = NO;
				CLANG_CXX_LANGUAGE_STANDARD = "gnu++0x";
				CLANG_CXX_LIBRARY = "libc++";
				CLANG_ENABLE_OBJC_ARC = YES;
				CLANG_WARN_EMPTY_BODY = YES;
				CLANG_WARN__DUPLICATE_METHOD_MATCH = YES;
				"CODE_SIGN_IDENTITY[sdk=iphoneos*]" = "iPhone Developer";
				COPY_PHASE_STRIP = NO;
				GCC_C_LANGUAGE_STANDARD = gnu99;
				GCC_DYNAMIC_NO_PIC = NO;
				GCC_OPTIMIZATION_LEVEL = 0;
				GCC_PREPROCESSOR_DEFINITIONS = (
					"DEBUG=1",
					"$(inherited)",
				);
				GCC_SYMBOLS_PRIVATE_EXTERN = NO;
				GCC_WARN_ABOUT_RETURN_TYPE = YES;
				GCC_WARN_UNINITIALIZED_AUTOS = YES;
				GCC_WARN_UNUSED_VARIABLE = YES;
				IPHONEOS_DEPLOYMENT_TARGET = 5.0;
				MOMC_NO_INVERSE_RELATIONSHIP_WARNINGS = YES;
				ONLY_ACTIVE_ARCH = YES;
				SDKROOT = iphoneos;
			};
			name = Debug;
		};
		1CEF6FE7163C19DE00D31F32 /* Release */ = {
			isa = XCBuildConfiguration;
			buildSettings = {
				ALWAYS_SEARCH_USER_PATHS = NO;
				CLANG_CXX_LANGUAGE_STANDARD = "gnu++0x";
				CLANG_CXX_LIBRARY = "libc++";
				CLANG_ENABLE_OBJC_ARC = YES;
				CLANG_WARN_EMPTY_BODY = YES;
				CLANG_WARN__DUPLICATE_METHOD_MATCH = YES;
				"CODE_SIGN_IDENTITY[sdk=iphoneos*]" = "iPhone Developer";
				COPY_PHASE_STRIP = YES;
				GCC_C_LANGUAGE_STANDARD = gnu99;
				GCC_WARN_ABOUT_RETURN_TYPE = YES;
				GCC_WARN_UNINITIALIZED_AUTOS = YES;
				GCC_WARN_UNUSED_VARIABLE = YES;
				IPHONEOS_DEPLOYMENT_TARGET = 5.0;
				MOMC_NO_INVERSE_RELATIONSHIP_WARNINGS = YES;
				OTHER_CFLAGS = "-DNS_BLOCK_ASSERTIONS=1";
				SDKROOT = iphoneos;
				VALIDATE_PRODUCT = YES;
			};
			name = Release;
		};
		1CEF6FE9163C19DE00D31F32 /* Debug */ = {
			isa = XCBuildConfiguration;
			buildSettings = {
				GCC_PRECOMPILE_PREFIX_HEADER = YES;
				GCC_PREFIX_HEADER = "YADOI/YADOI-Prefix.pch";
				INFOPLIST_FILE = "YADOI/YADOI-Info.plist";
				MOMC_NO_INVERSE_RELATIONSHIP_WARNINGS = YES;
				PRODUCT_NAME = "$(TARGET_NAME)";
				WRAPPER_EXTENSION = app;
			};
			name = Debug;
		};
		1CEF6FEA163C19DE00D31F32 /* Release */ = {
			isa = XCBuildConfiguration;
			buildSettings = {
				GCC_PRECOMPILE_PREFIX_HEADER = YES;
				GCC_PREFIX_HEADER = "YADOI/YADOI-Prefix.pch";
				INFOPLIST_FILE = "YADOI/YADOI-Info.plist";
				MOMC_NO_INVERSE_RELATIONSHIP_WARNINGS = YES;
				PRODUCT_NAME = "$(TARGET_NAME)";
				WRAPPER_EXTENSION = app;
			};
			name = Release;
		};
		1CEF6FEC163C19DE00D31F32 /* Debug */ = {
			isa = XCBuildConfiguration;
			buildSettings = {
				BUNDLE_LOADER = "$(BUILT_PRODUCTS_DIR)/YADOI.app/YADOI";
				FRAMEWORK_SEARCH_PATHS = (
					"\"$(SDKROOT)/Developer/Library/Frameworks\"",
					"\"$(DEVELOPER_LIBRARY_DIR)/Frameworks\"",
				);
				GCC_PRECOMPILE_PREFIX_HEADER = YES;
				GCC_PREFIX_HEADER = "YADOI/YADOI-Prefix.pch";
				INFOPLIST_FILE = "YADOITests/YADOITests-Info.plist";
				PRODUCT_NAME = "$(TARGET_NAME)";
				TEST_HOST = "$(BUNDLE_LOADER)";
				WRAPPER_EXTENSION = octest;
			};
			name = Debug;
		};
		1CEF6FED163C19DE00D31F32 /* Release */ = {
			isa = XCBuildConfiguration;
			buildSettings = {
				BUNDLE_LOADER = "$(BUILT_PRODUCTS_DIR)/YADOI.app/YADOI";
				FRAMEWORK_SEARCH_PATHS = (
					"\"$(SDKROOT)/Developer/Library/Frameworks\"",
					"\"$(DEVELOPER_LIBRARY_DIR)/Frameworks\"",
				);
				GCC_PRECOMPILE_PREFIX_HEADER = YES;
				GCC_PREFIX_HEADER = "YADOI/YADOI-Prefix.pch";
				INFOPLIST_FILE = "YADOITests/YADOITests-Info.plist";
				PRODUCT_NAME = "$(TARGET_NAME)";
				TEST_HOST = "$(BUNDLE_LOADER)";
				WRAPPER_EXTENSION = octest;
			};
			name = Release;
		};
/* End XCBuildConfiguration section */

/* Begin XCConfigurationList section */
		1CEF6FA9163C19DD00D31F32 /* Build configuration list for PBXProject "YADOI" */ = {
			isa = XCConfigurationList;
			buildConfigurations = (
				1CEF6FE6163C19DE00D31F32 /* Debug */,
				1CEF6FE7163C19DE00D31F32 /* Release */,
			);
			defaultConfigurationIsVisible = 0;
			defaultConfigurationName = Release;
		};
		1CEF6FE8163C19DE00D31F32 /* Build configuration list for PBXNativeTarget "YADOI" */ = {
			isa = XCConfigurationList;
			buildConfigurations = (
				1CEF6FE9163C19DE00D31F32 /* Debug */,
				1CEF6FEA163C19DE00D31F32 /* Release */,
			);
			defaultConfigurationIsVisible = 0;
			defaultConfigurationName = Release;
		};
		1CEF6FEB163C19DE00D31F32 /* Build configuration list for PBXNativeTarget "YADOITests" */ = {
			isa = XCConfigurationList;
			buildConfigurations = (
				1CEF6FEC163C19DE00D31F32 /* Debug */,
				1CEF6FED163C19DE00D31F32 /* Release */,
			);
			defaultConfigurationIsVisible = 0;
			defaultConfigurationName = Release;
		};
/* End XCConfigurationList section */

/* Begin XCVersionGroup section */
		1C3A8D91163DA42600C893CA /* YADMD.xcdatamodeld */ = {
			isa = XCVersionGroup;
			children = (
				1C3A8D92163DA42600C893CA /* YADMD.xcdatamodel */,
			);
			currentVersion = 1C3A8D92163DA42600C893CA /* YADMD.xcdatamodel */;
			path = YADMD.xcdatamodeld;
			sourceTree = "<group>";
			versionGroupType = wrapper.xcdatamodel;
		};
/* End XCVersionGroup section */
	};
	rootObject = 1CEF6FA6163C19DD00D31F32 /* Project object */;
}
